// !$*UTF8*$!
{
	archiveVersion = 1;
	classes = {
	};
	objectVersion = 48;
	objects = {

/* Begin PBXBuildFile section */
		C74F128F23B8AFA70075599D /* tests.c in Sources */ = {isa = PBXBuildFile; fileRef = C74F128C23B8AFA70075599D /* tests.c */; };
		C763C11F23BE263E00201FA7 /* ft_strncpy.c in Sources */ = {isa = PBXBuildFile; fileRef = C763C0B423BE263800201FA7 /* ft_strncpy.c */; };
		C763C12023BE263E00201FA7 /* ft_lst_remove_sorted.c in Sources */ = {isa = PBXBuildFile; fileRef = C763C0B523BE263800201FA7 /* ft_lst_remove_sorted.c */; };
		C763C12123BE263E00201FA7 /* ft_strcmp.c in Sources */ = {isa = PBXBuildFile; fileRef = C763C0B623BE263800201FA7 /* ft_strcmp.c */; };
		C763C12223BE263E00201FA7 /* ft_strsub.c in Sources */ = {isa = PBXBuildFile; fileRef = C763C0B723BE263900201FA7 /* ft_strsub.c */; };
		C763C12323BE263E00201FA7 /* ft_putnbr.c in Sources */ = {isa = PBXBuildFile; fileRef = C763C0B823BE263900201FA7 /* ft_putnbr.c */; };
		C763C12423BE263E00201FA7 /* ft_lstnew.c in Sources */ = {isa = PBXBuildFile; fileRef = C763C0B923BE263900201FA7 /* ft_lstnew.c */; };
		C763C12523BE263E00201FA7 /* ft_contains.c in Sources */ = {isa = PBXBuildFile; fileRef = C763C0BA23BE263900201FA7 /* ft_contains.c */; };
		C763C12623BE263E00201FA7 /* ft_strndup.c in Sources */ = {isa = PBXBuildFile; fileRef = C763C0BB23BE263900201FA7 /* ft_strndup.c */; };
		C763C12723BE263E00201FA7 /* ft_str_remove_at.c in Sources */ = {isa = PBXBuildFile; fileRef = C763C0BC23BE263900201FA7 /* ft_str_remove_at.c */; };
		C763C12823BE263E00201FA7 /* ft_putstr.c in Sources */ = {isa = PBXBuildFile; fileRef = C763C0BD23BE263900201FA7 /* ft_putstr.c */; };
		C763C12923BE263E00201FA7 /* ft_lstdelone.c in Sources */ = {isa = PBXBuildFile; fileRef = C763C0BE23BE263900201FA7 /* ft_lstdelone.c */; };
		C763C12A23BE263E00201FA7 /* ft_readline.c in Sources */ = {isa = PBXBuildFile; fileRef = C763C0BF23BE263900201FA7 /* ft_readline.c */; };
		C763C12B23BE263E00201FA7 /* ft_printf2.c in Sources */ = {isa = PBXBuildFile; fileRef = C763C0C023BE263900201FA7 /* ft_printf2.c */; };
		C763C12C23BE263E00201FA7 /* asserts.c in Sources */ = {isa = PBXBuildFile; fileRef = C763C0C123BE263900201FA7 /* asserts.c */; };
		C763C12D23BE263E00201FA7 /* ft_atoi.c in Sources */ = {isa = PBXBuildFile; fileRef = C763C0C223BE263900201FA7 /* ft_atoi.c */; };
		C763C12E23BE263E00201FA7 /* ft_e_putstr.c in Sources */ = {isa = PBXBuildFile; fileRef = C763C0C323BE263900201FA7 /* ft_e_putstr.c */; };
		C763C12F23BE263E00201FA7 /* ft_isdigit.c in Sources */ = {isa = PBXBuildFile; fileRef = C763C0C423BE263900201FA7 /* ft_isdigit.c */; };
		C763C13023BE263E00201FA7 /* ft_strlen.c in Sources */ = {isa = PBXBuildFile; fileRef = C763C0C523BE263900201FA7 /* ft_strlen.c */; };
		C763C13123BE263E00201FA7 /* ft_tolower.c in Sources */ = {isa = PBXBuildFile; fileRef = C763C0C623BE263900201FA7 /* ft_tolower.c */; };
		C763C13223BE263E00201FA7 /* ft_count_words.c in Sources */ = {isa = PBXBuildFile; fileRef = C763C0C723BE263900201FA7 /* ft_count_words.c */; };
		C763C13323BE263E00201FA7 /* ft_lst_insert.c in Sources */ = {isa = PBXBuildFile; fileRef = C763C0C823BE263900201FA7 /* ft_lst_insert.c */; };
		C763C13423BE263E00201FA7 /* ft_lstmap.c in Sources */ = {isa = PBXBuildFile; fileRef = C763C0C923BE263900201FA7 /* ft_lstmap.c */; };
		C763C13523BE263E00201FA7 /* ft_strcat.c in Sources */ = {isa = PBXBuildFile; fileRef = C763C0CA23BE263900201FA7 /* ft_strcat.c */; };
		C763C13623BE263E00201FA7 /* Makefile in Sources */ = {isa = PBXBuildFile; fileRef = C763C0CB23BE263A00201FA7 /* Makefile */; };
		C763C13723BE263E00201FA7 /* ft_isalnum.c in Sources */ = {isa = PBXBuildFile; fileRef = C763C0CC23BE263A00201FA7 /* ft_isalnum.c */; };
		C763C13823BE263E00201FA7 /* ft_exec.c in Sources */ = {isa = PBXBuildFile; fileRef = C763C0CD23BE263A00201FA7 /* ft_exec.c */; };
		C763C13923BE263E00201FA7 /* ft_str_left_from.c in Sources */ = {isa = PBXBuildFile; fileRef = C763C0CE23BE263A00201FA7 /* ft_str_left_from.c */; };
		C763C13A23BE263E00201FA7 /* dic4.c in Sources */ = {isa = PBXBuildFile; fileRef = C763C0CF23BE263A00201FA7 /* dic4.c */; };
		C763C13B23BE263E00201FA7 /* ft_strequ.c in Sources */ = {isa = PBXBuildFile; fileRef = C763C0D023BE263A00201FA7 /* ft_strequ.c */; };
		C763C13C23BE263E00201FA7 /* ft_putstr_fd.c in Sources */ = {isa = PBXBuildFile; fileRef = C763C0D123BE263A00201FA7 /* ft_putstr_fd.c */; };
		C763C13D23BE263E00201FA7 /* ft_strcpy.c in Sources */ = {isa = PBXBuildFile; fileRef = C763C0D223BE263A00201FA7 /* ft_strcpy.c */; };
		C763C13E23BE263E00201FA7 /* ft_free_zt_array.c in Sources */ = {isa = PBXBuildFile; fileRef = C763C0D323BE263A00201FA7 /* ft_free_zt_array.c */; };
		C763C13F23BE263E00201FA7 /* ft_printf.c in Sources */ = {isa = PBXBuildFile; fileRef = C763C0D423BE263A00201FA7 /* ft_printf.c */; };
		C763C14023BE263E00201FA7 /* ft_toupper.c in Sources */ = {isa = PBXBuildFile; fileRef = C763C0D523BE263A00201FA7 /* ft_toupper.c */; };
		C763C14123BE263E00201FA7 /* ft_strnequ.c in Sources */ = {isa = PBXBuildFile; fileRef = C763C0D623BE263A00201FA7 /* ft_strnequ.c */; };
		C763C14223BE263E00201FA7 /* ft_strrchr.c in Sources */ = {isa = PBXBuildFile; fileRef = C763C0D723BE263A00201FA7 /* ft_strrchr.c */; };
		C763C14323BE263E00201FA7 /* ft_isascii.c in Sources */ = {isa = PBXBuildFile; fileRef = C763C0D823BE263A00201FA7 /* ft_isascii.c */; };
		C763C14423BE263E00201FA7 /* ft_sqrt_up.c in Sources */ = {isa = PBXBuildFile; fileRef = C763C0D923BE263A00201FA7 /* ft_sqrt_up.c */; };
		C763C14523BE263E00201FA7 /* ft_str_equals.c in Sources */ = {isa = PBXBuildFile; fileRef = C763C0DA23BE263A00201FA7 /* ft_str_equals.c */; };
		C763C14623BE263E00201FA7 /* int_lg.c in Sources */ = {isa = PBXBuildFile; fileRef = C763C0DB23BE263A00201FA7 /* int_lg.c */; };
		C763C14723BE263E00201FA7 /* ft_str_remove_comment.c in Sources */ = {isa = PBXBuildFile; fileRef = C763C0DC23BE263A00201FA7 /* ft_str_remove_comment.c */; };
		C763C14823BE263E00201FA7 /* ft_str_append.c in Sources */ = {isa = PBXBuildFile; fileRef = C763C0DD23BE263A00201FA7 /* ft_str_append.c */; };
		C763C14923BE263E00201FA7 /* ft_str_replace.c in Sources */ = {isa = PBXBuildFile; fileRef = C763C0DE23BE263A00201FA7 /* ft_str_replace.c */; };
		C763C14A23BE263E00201FA7 /* ft_lst_reduce.c in Sources */ = {isa = PBXBuildFile; fileRef = C763C0DF23BE263A00201FA7 /* ft_lst_reduce.c */; };
		C763C14B23BE263E00201FA7 /* ft_str_is_empty.c in Sources */ = {isa = PBXBuildFile; fileRef = C763C0E023BE263B00201FA7 /* ft_str_is_empty.c */; };
		C763C14C23BE263E00201FA7 /* ft_memdel.c in Sources */ = {isa = PBXBuildFile; fileRef = C763C0E123BE263B00201FA7 /* ft_memdel.c */; };
		C763C14D23BE263E00201FA7 /* ft_strncmp.c in Sources */ = {isa = PBXBuildFile; fileRef = C763C0E223BE263B00201FA7 /* ft_strncmp.c */; };
		C763C14E23BE263E00201FA7 /* ft_strnew.c in Sources */ = {isa = PBXBuildFile; fileRef = C763C0E323BE263B00201FA7 /* ft_strnew.c */; };
		C763C14F23BE263E00201FA7 /* ft_itoa.c in Sources */ = {isa = PBXBuildFile; fileRef = C763C0E423BE263B00201FA7 /* ft_itoa.c */; };
		C763C15023BE263E00201FA7 /* ft_memchr.c in Sources */ = {isa = PBXBuildFile; fileRef = C763C0E523BE263B00201FA7 /* ft_memchr.c */; };
		C763C15123BE263E00201FA7 /* ft_putendl_fd.c in Sources */ = {isa = PBXBuildFile; fileRef = C763C0E623BE263B00201FA7 /* ft_putendl_fd.c */; };
		C763C15223BE263E00201FA7 /* ft_lst_free.c in Sources */ = {isa = PBXBuildFile; fileRef = C763C0E723BE263B00201FA7 /* ft_lst_free.c */; };
		C763C15323BE263E00201FA7 /* ft_lst_free_item.c in Sources */ = {isa = PBXBuildFile; fileRef = C763C0E823BE263B00201FA7 /* ft_lst_free_item.c */; };
		C763C15423BE263E00201FA7 /* ft_strlcat.c in Sources */ = {isa = PBXBuildFile; fileRef = C763C0E923BE263B00201FA7 /* ft_strlcat.c */; };
		C763C15523BE263E00201FA7 /* ft_lstadd.c in Sources */ = {isa = PBXBuildFile; fileRef = C763C0EA23BE263B00201FA7 /* ft_lstadd.c */; };
		C763C15623BE263E00201FA7 /* ft_strclr.c in Sources */ = {isa = PBXBuildFile; fileRef = C763C0EB23BE263B00201FA7 /* ft_strclr.c */; };
		C763C15723BE263E00201FA7 /* dic.c in Sources */ = {isa = PBXBuildFile; fileRef = C763C0EC23BE263B00201FA7 /* dic.c */; };
		C763C15823BE263E00201FA7 /* ft_split.c in Sources */ = {isa = PBXBuildFile; fileRef = C763C0ED23BE263B00201FA7 /* ft_split.c */; };
		C763C15923BE263E00201FA7 /* ft_strtrim.c in Sources */ = {isa = PBXBuildFile; fileRef = C763C0EE23BE263B00201FA7 /* ft_strtrim.c */; };
		C763C15A23BE263E00201FA7 /* save_file_no.c in Sources */ = {isa = PBXBuildFile; fileRef = C763C0EF23BE263B00201FA7 /* save_file_no.c */; };
		C763C15B23BE263E00201FA7 /* ft_memset.c in Sources */ = {isa = PBXBuildFile; fileRef = C763C0F023BE263B00201FA7 /* ft_memset.c */; };
		C763C15C23BE263E00201FA7 /* ft_lstiter.c in Sources */ = {isa = PBXBuildFile; fileRef = C763C0F123BE263B00201FA7 /* ft_lstiter.c */; };
		C763C15D23BE263E00201FA7 /* ft_isalpha.c in Sources */ = {isa = PBXBuildFile; fileRef = C763C0F223BE263B00201FA7 /* ft_isalpha.c */; };
		C763C15E23BE263E00201FA7 /* dic2.c in Sources */ = {isa = PBXBuildFile; fileRef = C763C0F423BE263B00201FA7 /* dic2.c */; };
		C763C15F23BE263E00201FA7 /* asserts2.c in Sources */ = {isa = PBXBuildFile; fileRef = C763C0F523BE263C00201FA7 /* asserts2.c */; };
		C763C16023BE263E00201FA7 /* ft_strncat.c in Sources */ = {isa = PBXBuildFile; fileRef = C763C0F623BE263C00201FA7 /* ft_strncat.c */; };
		C763C16123BE263E00201FA7 /* ft_strsplit.c in Sources */ = {isa = PBXBuildFile; fileRef = C763C0F723BE263C00201FA7 /* ft_strsplit.c */; };
		C763C16223BE263E00201FA7 /* ft_memalloc.c in Sources */ = {isa = PBXBuildFile; fileRef = C763C0F823BE263C00201FA7 /* ft_memalloc.c */; };
		C763C16323BE263E00201FA7 /* ft_memcpy.c in Sources */ = {isa = PBXBuildFile; fileRef = C763C0F923BE263C00201FA7 /* ft_memcpy.c */; };
		C763C16423BE263E00201FA7 /* ft_sort_strings.c in Sources */ = {isa = PBXBuildFile; fileRef = C763C0FA23BE263C00201FA7 /* ft_sort_strings.c */; };
		C763C16523BE263E00201FA7 /* ft_starts_with.c in Sources */ = {isa = PBXBuildFile; fileRef = C763C0FB23BE263C00201FA7 /* ft_starts_with.c */; };
		C763C16623BE263E00201FA7 /* ft_striteri.c in Sources */ = {isa = PBXBuildFile; fileRef = C763C0FC23BE263C00201FA7 /* ft_striteri.c */; };
		C763C16723BE263E00201FA7 /* ft_file.c in Sources */ = {isa = PBXBuildFile; fileRef = C763C0FD23BE263C00201FA7 /* ft_file.c */; };
		C763C16823BE263E00201FA7 /* ft_lstdel.c in Sources */ = {isa = PBXBuildFile; fileRef = C763C0FE23BE263C00201FA7 /* ft_lstdel.c */; };
		C763C16923BE263E00201FA7 /* log.c in Sources */ = {isa = PBXBuildFile; fileRef = C763C0FF23BE263C00201FA7 /* log.c */; };
		C763C16A23BE263E00201FA7 /* ft_memccpy.c in Sources */ = {isa = PBXBuildFile; fileRef = C763C10023BE263C00201FA7 /* ft_memccpy.c */; };
		C763C16B23BE263E00201FA7 /* ft_putnbr_fd.c in Sources */ = {isa = PBXBuildFile; fileRef = C763C10123BE263C00201FA7 /* ft_putnbr_fd.c */; };
		C763C16C23BE263E00201FA7 /* ft_strstr.c in Sources */ = {isa = PBXBuildFile; fileRef = C763C10223BE263C00201FA7 /* ft_strstr.c */; };
		C763C16D23BE263E00201FA7 /* ft_last_index.c in Sources */ = {isa = PBXBuildFile; fileRef = C763C10323BE263C00201FA7 /* ft_last_index.c */; };
		C763C16E23BE263E00201FA7 /* ft_str_insert_at.c in Sources */ = {isa = PBXBuildFile; fileRef = C763C10423BE263C00201FA7 /* ft_str_insert_at.c */; };
		C763C16F23BE263E00201FA7 /* ft_strmap.c in Sources */ = {isa = PBXBuildFile; fileRef = C763C10523BE263C00201FA7 /* ft_strmap.c */; };
		C763C17023BE263E00201FA7 /* dic3.c in Sources */ = {isa = PBXBuildFile; fileRef = C763C10623BE263C00201FA7 /* dic3.c */; };
		C763C17123BE263E00201FA7 /* debug.c in Sources */ = {isa = PBXBuildFile; fileRef = C763C10723BE263C00201FA7 /* debug.c */; };
		C763C17223BE263E00201FA7 /* ft_lst_count.c in Sources */ = {isa = PBXBuildFile; fileRef = C763C10823BE263C00201FA7 /* ft_lst_count.c */; };
		C763C17323BE263E00201FA7 /* ft_putchar.c in Sources */ = {isa = PBXBuildFile; fileRef = C763C10923BE263D00201FA7 /* ft_putchar.c */; };
		C763C17423BE263E00201FA7 /* ft_striter.c in Sources */ = {isa = PBXBuildFile; fileRef = C763C10A23BE263D00201FA7 /* ft_striter.c */; };
		C763C17523BE263E00201FA7 /* ft_is_number.c in Sources */ = {isa = PBXBuildFile; fileRef = C763C10B23BE263D00201FA7 /* ft_is_number.c */; };
		C763C17623BE263E00201FA7 /* ft_strchr.c in Sources */ = {isa = PBXBuildFile; fileRef = C763C10C23BE263D00201FA7 /* ft_strchr.c */; };
		C763C17723BE263E00201FA7 /* ft_strmapi.c in Sources */ = {isa = PBXBuildFile; fileRef = C763C10D23BE263D00201FA7 /* ft_strmapi.c */; };
		C763C17823BE263E00201FA7 /* ft_bzero.c in Sources */ = {isa = PBXBuildFile; fileRef = C763C10E23BE263D00201FA7 /* ft_bzero.c */; };
		C763C17923BE263E00201FA7 /* debug2.c in Sources */ = {isa = PBXBuildFile; fileRef = C763C10F23BE263D00201FA7 /* debug2.c */; };
		C763C17A23BE263E00201FA7 /* ft_strjoin.c in Sources */ = {isa = PBXBuildFile; fileRef = C763C11023BE263D00201FA7 /* ft_strjoin.c */; };
		C763C17B23BE263E00201FA7 /* ft_strnstr.c in Sources */ = {isa = PBXBuildFile; fileRef = C763C11123BE263D00201FA7 /* ft_strnstr.c */; };
		C763C17C23BE263E00201FA7 /* ft_printf_fill_args.c in Sources */ = {isa = PBXBuildFile; fileRef = C763C11223BE263D00201FA7 /* ft_printf_fill_args.c */; };
		C763C17D23BE263E00201FA7 /* ft_memmove.c in Sources */ = {isa = PBXBuildFile; fileRef = C763C11323BE263D00201FA7 /* ft_memmove.c */; };
		C763C17E23BE263E00201FA7 /* ft_str_count_chars.c in Sources */ = {isa = PBXBuildFile; fileRef = C763C11423BE263D00201FA7 /* ft_str_count_chars.c */; };
		C763C17F23BE263E00201FA7 /* ft_memcmp.c in Sources */ = {isa = PBXBuildFile; fileRef = C763C11523BE263D00201FA7 /* ft_memcmp.c */; };
		C763C18023BE263E00201FA7 /* ft_strdel.c in Sources */ = {isa = PBXBuildFile; fileRef = C763C11623BE263D00201FA7 /* ft_strdel.c */; };
		C763C18123BE263E00201FA7 /* ft_putendl.c in Sources */ = {isa = PBXBuildFile; fileRef = C763C11723BE263D00201FA7 /* ft_putendl.c */; };
		C763C18223BE263E00201FA7 /* ft_isprint.c in Sources */ = {isa = PBXBuildFile; fileRef = C763C11823BE263D00201FA7 /* ft_isprint.c */; };
		C763C18323BE263E00201FA7 /* ft_lst_find.c in Sources */ = {isa = PBXBuildFile; fileRef = C763C11923BE263D00201FA7 /* ft_lst_find.c */; };
		C763C18423BE263E00201FA7 /* libft.a in Frameworks */ = {isa = PBXBuildFile; fileRef = C763C11A23BE263D00201FA7 /* libft.a */; };
		C763C18523BE263E00201FA7 /* ft_putchar_fd.c in Sources */ = {isa = PBXBuildFile; fileRef = C763C11B23BE263D00201FA7 /* ft_putchar_fd.c */; };
		C763C18623BE263E00201FA7 /* ft_ends_with.c in Sources */ = {isa = PBXBuildFile; fileRef = C763C11C23BE263D00201FA7 /* ft_ends_with.c */; };
		C763C18723BE263E00201FA7 /* ft_str_starts_with.c in Sources */ = {isa = PBXBuildFile; fileRef = C763C11D23BE263E00201FA7 /* ft_str_starts_with.c */; };
		C763C18823BE263E00201FA7 /* ft_strdup.c in Sources */ = {isa = PBXBuildFile; fileRef = C763C11E23BE263E00201FA7 /* ft_strdup.c */; };
		C763C1A923BE26BD00201FA7 /* key_handlers2.c in Sources */ = {isa = PBXBuildFile; fileRef = C763C18923BE26BA00201FA7 /* key_handlers2.c */; };
		C763C1AA23BE26BD00201FA7 /* cursor_move2.c in Sources */ = {isa = PBXBuildFile; fileRef = C763C18A23BE26BA00201FA7 /* cursor_move2.c */; };
		C763C1AB23BE26BD00201FA7 /* env3.c in Sources */ = {isa = PBXBuildFile; fileRef = C763C18B23BE26BA00201FA7 /* env3.c */; };
		C763C1AC23BE26BD00201FA7 /* pipe_exec.c in Sources */ = {isa = PBXBuildFile; fileRef = C763C18C23BE26BA00201FA7 /* pipe_exec.c */; };
		C763C1AD23BE26BD00201FA7 /* ft_set_env.c in Sources */ = {isa = PBXBuildFile; fileRef = C763C18D23BE26BA00201FA7 /* ft_set_env.c */; };
		C763C1AE23BE26BD00201FA7 /* pipe_parse.c in Sources */ = {isa = PBXBuildFile; fileRef = C763C18E23BE26BA00201FA7 /* pipe_parse.c */; };
		C763C1AF23BE26BD00201FA7 /* cmd_parser.c in Sources */ = {isa = PBXBuildFile; fileRef = C763C18F23BE26BA00201FA7 /* cmd_parser.c */; };
		C763C1B023BE26BD00201FA7 /* cursor_move.c in Sources */ = {isa = PBXBuildFile; fileRef = C763C19023BE26BB00201FA7 /* cursor_move.c */; };
		C763C1B123BE26BD00201FA7 /* awaited_process.c in Sources */ = {isa = PBXBuildFile; fileRef = C763C19123BE26BB00201FA7 /* awaited_process.c */; };
		C763C1B223BE26BD00201FA7 /* console_read_buffer.c in Sources */ = {isa = PBXBuildFile; fileRef = C763C19223BE26BB00201FA7 /* console_read_buffer.c */; };
		C763C1B323BE26BD00201FA7 /* env2.c in Sources */ = {isa = PBXBuildFile; fileRef = C763C19323BE26BB00201FA7 /* env2.c */; };
		C763C1B423BE26BD00201FA7 /* termios.c in Sources */ = {isa = PBXBuildFile; fileRef = C763C19523BE26BB00201FA7 /* termios.c */; };
		C763C1B523BE26BD00201FA7 /* replace_quoted2.c in Sources */ = {isa = PBXBuildFile; fileRef = C763C19623BE26BB00201FA7 /* replace_quoted2.c */; };
		C763C1B623BE26BD00201FA7 /* process_command.c in Sources */ = {isa = PBXBuildFile; fileRef = C763C19723BE26BB00201FA7 /* process_command.c */; };
		C763C1B723BE26BD00201FA7 /* history2.c in Sources */ = {isa = PBXBuildFile; fileRef = C763C19823BE26BB00201FA7 /* history2.c */; };
		C763C1B823BE26BD00201FA7 /* cd.c in Sources */ = {isa = PBXBuildFile; fileRef = C763C19923BE26BB00201FA7 /* cd.c */; };
		C763C1B923BE26BD00201FA7 /* console_read_buffer3.c in Sources */ = {isa = PBXBuildFile; fileRef = C763C19A23BE26BB00201FA7 /* console_read_buffer3.c */; };
		C763C1BA23BE26BD00201FA7 /* history.c in Sources */ = {isa = PBXBuildFile; fileRef = C763C19B23BE26BB00201FA7 /* history.c */; };
		C763C1BB23BE26BD00201FA7 /* key_handlers.c in Sources */ = {isa = PBXBuildFile; fileRef = C763C19E23BE26BC00201FA7 /* key_handlers.c */; };
		C763C1BC23BE26BD00201FA7 /* console_read_buffer2.c in Sources */ = {isa = PBXBuildFile; fileRef = C763C19F23BE26BC00201FA7 /* console_read_buffer2.c */; };
		C763C1BD23BE26BD00201FA7 /* folders.c in Sources */ = {isa = PBXBuildFile; fileRef = C763C1A023BE26BC00201FA7 /* folders.c */; };
		C763C1BE23BE26BD00201FA7 /* shell.c in Sources */ = {isa = PBXBuildFile; fileRef = C763C1A123BE26BC00201FA7 /* shell.c */; };
		C763C1BF23BE26BD00201FA7 /* replace_quoted.c in Sources */ = {isa = PBXBuildFile; fileRef = C763C1A223BE26BC00201FA7 /* replace_quoted.c */; };
		C763C1C023BE26BD00201FA7 /* exec.c in Sources */ = {isa = PBXBuildFile; fileRef = C763C1A323BE26BC00201FA7 /* exec.c */; };
		C763C1C123BE26BD00201FA7 /* env.c in Sources */ = {isa = PBXBuildFile; fileRef = C763C1A423BE26BC00201FA7 /* env.c */; };
		C763C1C223BE26BD00201FA7 /* main.c in Sources */ = {isa = PBXBuildFile; fileRef = C763C1A523BE26BC00201FA7 /* main.c */; };
		C763C1C323BE26BD00201FA7 /* console_reader.c in Sources */ = {isa = PBXBuildFile; fileRef = C763C1A623BE26BC00201FA7 /* console_reader.c */; };
		C763C1C423BE26BD00201FA7 /* exec2.c in Sources */ = {isa = PBXBuildFile; fileRef = C763C1A723BE26BD00201FA7 /* exec2.c */; };
		C763C1C523BE26BD00201FA7 /* env4.c in Sources */ = {isa = PBXBuildFile; fileRef = C763C1A823BE26BD00201FA7 /* env4.c */; };
		C7C5E63C23BE5413008A9543 /* Makefile in Sources */ = {isa = PBXBuildFile; fileRef = C7C5E63B23BE5413008A9543 /* Makefile */; };
/* End PBXBuildFile section */

/* Begin PBXCopyFilesBuildPhase section */
		C74F11AB23B8AE080075599D /* CopyFiles */ = {
			isa = PBXCopyFilesBuildPhase;
			buildActionMask = 2147483647;
			dstPath = /usr/share/man/man1/;
			dstSubfolderSpec = 0;
			files = (
			);
			runOnlyForDeploymentPostprocessing = 1;
		};
/* End PBXCopyFilesBuildPhase section */

/* Begin PBXFileReference section */
		C74F11AD23B8AE080075599D /* minishell.tests */ = {isa = PBXFileReference; explicitFileType = "compiled.mach-o.executable"; includeInIndex = 0; path = minishell.tests; sourceTree = BUILT_PRODUCTS_DIR; };
		C74F128C23B8AFA70075599D /* tests.c */ = {isa = PBXFileReference; fileEncoding = 4; lastKnownFileType = sourcecode.c.c; name = tests.c; path = ../../../minishell/tests/tests.c; sourceTree = "<group>"; };
		C74F128D23B8AFA70075599D /* pipe.txt */ = {isa = PBXFileReference; fileEncoding = 4; lastKnownFileType = text; name = pipe.txt; path = ../../../minishell/tests/pipe.txt; sourceTree = "<group>"; };
		C74F128E23B8AFA70075599D /* batch_test.txt */ = {isa = PBXFileReference; fileEncoding = 4; lastKnownFileType = text; name = batch_test.txt; path = ../../../minishell/tests/batch_test.txt; sourceTree = "<group>"; };
		C763C0B423BE263800201FA7 /* ft_strncpy.c */ = {isa = PBXFileReference; fileEncoding = 4; lastKnownFileType = sourcecode.c.c; name = ft_strncpy.c; path = ../../../../../s61/libft/ft_strncpy.c; sourceTree = "<group>"; };
		C763C0B523BE263800201FA7 /* ft_lst_remove_sorted.c */ = {isa = PBXFileReference; fileEncoding = 4; lastKnownFileType = sourcecode.c.c; name = ft_lst_remove_sorted.c; path = ../../../../../s61/libft/ft_lst_remove_sorted.c; sourceTree = "<group>"; };
		C763C0B623BE263800201FA7 /* ft_strcmp.c */ = {isa = PBXFileReference; fileEncoding = 4; lastKnownFileType = sourcecode.c.c; name = ft_strcmp.c; path = ../../../../../s61/libft/ft_strcmp.c; sourceTree = "<group>"; };
		C763C0B723BE263900201FA7 /* ft_strsub.c */ = {isa = PBXFileReference; fileEncoding = 4; lastKnownFileType = sourcecode.c.c; name = ft_strsub.c; path = ../../../../../s61/libft/ft_strsub.c; sourceTree = "<group>"; };
		C763C0B823BE263900201FA7 /* ft_putnbr.c */ = {isa = PBXFileReference; fileEncoding = 4; lastKnownFileType = sourcecode.c.c; name = ft_putnbr.c; path = ../../../../../s61/libft/ft_putnbr.c; sourceTree = "<group>"; };
		C763C0B923BE263900201FA7 /* ft_lstnew.c */ = {isa = PBXFileReference; fileEncoding = 4; lastKnownFileType = sourcecode.c.c; name = ft_lstnew.c; path = ../../../../../s61/libft/ft_lstnew.c; sourceTree = "<group>"; };
		C763C0BA23BE263900201FA7 /* ft_contains.c */ = {isa = PBXFileReference; fileEncoding = 4; lastKnownFileType = sourcecode.c.c; name = ft_contains.c; path = ../../../../../s61/libft/ft_contains.c; sourceTree = "<group>"; };
		C763C0BB23BE263900201FA7 /* ft_strndup.c */ = {isa = PBXFileReference; fileEncoding = 4; lastKnownFileType = sourcecode.c.c; name = ft_strndup.c; path = ../../../../../s61/libft/ft_strndup.c; sourceTree = "<group>"; };
		C763C0BC23BE263900201FA7 /* ft_str_remove_at.c */ = {isa = PBXFileReference; fileEncoding = 4; lastKnownFileType = sourcecode.c.c; name = ft_str_remove_at.c; path = ../../../../../s61/libft/ft_str_remove_at.c; sourceTree = "<group>"; };
		C763C0BD23BE263900201FA7 /* ft_putstr.c */ = {isa = PBXFileReference; fileEncoding = 4; lastKnownFileType = sourcecode.c.c; name = ft_putstr.c; path = ../../../../../s61/libft/ft_putstr.c; sourceTree = "<group>"; };
		C763C0BE23BE263900201FA7 /* ft_lstdelone.c */ = {isa = PBXFileReference; fileEncoding = 4; lastKnownFileType = sourcecode.c.c; name = ft_lstdelone.c; path = ../../../../../s61/libft/ft_lstdelone.c; sourceTree = "<group>"; };
		C763C0BF23BE263900201FA7 /* ft_readline.c */ = {isa = PBXFileReference; fileEncoding = 4; lastKnownFileType = sourcecode.c.c; name = ft_readline.c; path = ../../../../../s61/libft/ft_readline.c; sourceTree = "<group>"; };
		C763C0C023BE263900201FA7 /* ft_printf2.c */ = {isa = PBXFileReference; fileEncoding = 4; lastKnownFileType = sourcecode.c.c; name = ft_printf2.c; path = ../../../../../s61/libft/ft_printf2.c; sourceTree = "<group>"; };
		C763C0C123BE263900201FA7 /* asserts.c */ = {isa = PBXFileReference; fileEncoding = 4; lastKnownFileType = sourcecode.c.c; name = asserts.c; path = ../../../../../s61/libft/asserts.c; sourceTree = "<group>"; };
		C763C0C223BE263900201FA7 /* ft_atoi.c */ = {isa = PBXFileReference; fileEncoding = 4; lastKnownFileType = sourcecode.c.c; name = ft_atoi.c; path = ../../../../../s61/libft/ft_atoi.c; sourceTree = "<group>"; };
		C763C0C323BE263900201FA7 /* ft_e_putstr.c */ = {isa = PBXFileReference; fileEncoding = 4; lastKnownFileType = sourcecode.c.c; name = ft_e_putstr.c; path = ../../../../../s61/libft/ft_e_putstr.c; sourceTree = "<group>"; };
		C763C0C423BE263900201FA7 /* ft_isdigit.c */ = {isa = PBXFileReference; fileEncoding = 4; lastKnownFileType = sourcecode.c.c; name = ft_isdigit.c; path = ../../../../../s61/libft/ft_isdigit.c; sourceTree = "<group>"; };
		C763C0C523BE263900201FA7 /* ft_strlen.c */ = {isa = PBXFileReference; fileEncoding = 4; lastKnownFileType = sourcecode.c.c; name = ft_strlen.c; path = ../../../../../s61/libft/ft_strlen.c; sourceTree = "<group>"; };
		C763C0C623BE263900201FA7 /* ft_tolower.c */ = {isa = PBXFileReference; fileEncoding = 4; lastKnownFileType = sourcecode.c.c; name = ft_tolower.c; path = ../../../../../s61/libft/ft_tolower.c; sourceTree = "<group>"; };
		C763C0C723BE263900201FA7 /* ft_count_words.c */ = {isa = PBXFileReference; fileEncoding = 4; lastKnownFileType = sourcecode.c.c; name = ft_count_words.c; path = ../../../../../s61/libft/ft_count_words.c; sourceTree = "<group>"; };
		C763C0C823BE263900201FA7 /* ft_lst_insert.c */ = {isa = PBXFileReference; fileEncoding = 4; lastKnownFileType = sourcecode.c.c; name = ft_lst_insert.c; path = ../../../../../s61/libft/ft_lst_insert.c; sourceTree = "<group>"; };
		C763C0C923BE263900201FA7 /* ft_lstmap.c */ = {isa = PBXFileReference; fileEncoding = 4; lastKnownFileType = sourcecode.c.c; name = ft_lstmap.c; path = ../../../../../s61/libft/ft_lstmap.c; sourceTree = "<group>"; };
		C763C0CA23BE263900201FA7 /* ft_strcat.c */ = {isa = PBXFileReference; fileEncoding = 4; lastKnownFileType = sourcecode.c.c; name = ft_strcat.c; path = ../../../../../s61/libft/ft_strcat.c; sourceTree = "<group>"; };
		C763C0CB23BE263A00201FA7 /* Makefile */ = {isa = PBXFileReference; fileEncoding = 4; lastKnownFileType = sourcecode.make; name = Makefile; path = ../../../../../s61/libft/Makefile; sourceTree = "<group>"; };
		C763C0CC23BE263A00201FA7 /* ft_isalnum.c */ = {isa = PBXFileReference; fileEncoding = 4; lastKnownFileType = sourcecode.c.c; name = ft_isalnum.c; path = ../../../../../s61/libft/ft_isalnum.c; sourceTree = "<group>"; };
		C763C0CD23BE263A00201FA7 /* ft_exec.c */ = {isa = PBXFileReference; fileEncoding = 4; lastKnownFileType = sourcecode.c.c; name = ft_exec.c; path = ../../../../../s61/libft/ft_exec.c; sourceTree = "<group>"; };
		C763C0CE23BE263A00201FA7 /* ft_str_left_from.c */ = {isa = PBXFileReference; fileEncoding = 4; lastKnownFileType = sourcecode.c.c; name = ft_str_left_from.c; path = ../../../../../s61/libft/ft_str_left_from.c; sourceTree = "<group>"; };
		C763C0CF23BE263A00201FA7 /* dic4.c */ = {isa = PBXFileReference; fileEncoding = 4; lastKnownFileType = sourcecode.c.c; name = dic4.c; path = ../../../../../s61/libft/dic4.c; sourceTree = "<group>"; };
		C763C0D023BE263A00201FA7 /* ft_strequ.c */ = {isa = PBXFileReference; fileEncoding = 4; lastKnownFileType = sourcecode.c.c; name = ft_strequ.c; path = ../../../../../s61/libft/ft_strequ.c; sourceTree = "<group>"; };
		C763C0D123BE263A00201FA7 /* ft_putstr_fd.c */ = {isa = PBXFileReference; fileEncoding = 4; lastKnownFileType = sourcecode.c.c; name = ft_putstr_fd.c; path = ../../../../../s61/libft/ft_putstr_fd.c; sourceTree = "<group>"; };
		C763C0D223BE263A00201FA7 /* ft_strcpy.c */ = {isa = PBXFileReference; fileEncoding = 4; lastKnownFileType = sourcecode.c.c; name = ft_strcpy.c; path = ../../../../../s61/libft/ft_strcpy.c; sourceTree = "<group>"; };
		C763C0D323BE263A00201FA7 /* ft_free_zt_array.c */ = {isa = PBXFileReference; fileEncoding = 4; lastKnownFileType = sourcecode.c.c; name = ft_free_zt_array.c; path = ../../../../../s61/libft/ft_free_zt_array.c; sourceTree = "<group>"; };
		C763C0D423BE263A00201FA7 /* ft_printf.c */ = {isa = PBXFileReference; fileEncoding = 4; lastKnownFileType = sourcecode.c.c; name = ft_printf.c; path = ../../../../../s61/libft/ft_printf.c; sourceTree = "<group>"; };
		C763C0D523BE263A00201FA7 /* ft_toupper.c */ = {isa = PBXFileReference; fileEncoding = 4; lastKnownFileType = sourcecode.c.c; name = ft_toupper.c; path = ../../../../../s61/libft/ft_toupper.c; sourceTree = "<group>"; };
		C763C0D623BE263A00201FA7 /* ft_strnequ.c */ = {isa = PBXFileReference; fileEncoding = 4; lastKnownFileType = sourcecode.c.c; name = ft_strnequ.c; path = ../../../../../s61/libft/ft_strnequ.c; sourceTree = "<group>"; };
		C763C0D723BE263A00201FA7 /* ft_strrchr.c */ = {isa = PBXFileReference; fileEncoding = 4; lastKnownFileType = sourcecode.c.c; name = ft_strrchr.c; path = ../../../../../s61/libft/ft_strrchr.c; sourceTree = "<group>"; };
		C763C0D823BE263A00201FA7 /* ft_isascii.c */ = {isa = PBXFileReference; fileEncoding = 4; lastKnownFileType = sourcecode.c.c; name = ft_isascii.c; path = ../../../../../s61/libft/ft_isascii.c; sourceTree = "<group>"; };
		C763C0D923BE263A00201FA7 /* ft_sqrt_up.c */ = {isa = PBXFileReference; fileEncoding = 4; lastKnownFileType = sourcecode.c.c; name = ft_sqrt_up.c; path = ../../../../../s61/libft/ft_sqrt_up.c; sourceTree = "<group>"; };
		C763C0DA23BE263A00201FA7 /* ft_str_equals.c */ = {isa = PBXFileReference; fileEncoding = 4; lastKnownFileType = sourcecode.c.c; name = ft_str_equals.c; path = ../../../../../s61/libft/ft_str_equals.c; sourceTree = "<group>"; };
		C763C0DB23BE263A00201FA7 /* int_lg.c */ = {isa = PBXFileReference; fileEncoding = 4; lastKnownFileType = sourcecode.c.c; name = int_lg.c; path = ../../../../../s61/libft/int_lg.c; sourceTree = "<group>"; };
		C763C0DC23BE263A00201FA7 /* ft_str_remove_comment.c */ = {isa = PBXFileReference; fileEncoding = 4; lastKnownFileType = sourcecode.c.c; name = ft_str_remove_comment.c; path = ../../../../../s61/libft/ft_str_remove_comment.c; sourceTree = "<group>"; };
		C763C0DD23BE263A00201FA7 /* ft_str_append.c */ = {isa = PBXFileReference; fileEncoding = 4; lastKnownFileType = sourcecode.c.c; name = ft_str_append.c; path = ../../../../../s61/libft/ft_str_append.c; sourceTree = "<group>"; };
		C763C0DE23BE263A00201FA7 /* ft_str_replace.c */ = {isa = PBXFileReference; fileEncoding = 4; lastKnownFileType = sourcecode.c.c; name = ft_str_replace.c; path = ../../../../../s61/libft/ft_str_replace.c; sourceTree = "<group>"; };
		C763C0DF23BE263A00201FA7 /* ft_lst_reduce.c */ = {isa = PBXFileReference; fileEncoding = 4; lastKnownFileType = sourcecode.c.c; name = ft_lst_reduce.c; path = ../../../../../s61/libft/ft_lst_reduce.c; sourceTree = "<group>"; };
		C763C0E023BE263B00201FA7 /* ft_str_is_empty.c */ = {isa = PBXFileReference; fileEncoding = 4; lastKnownFileType = sourcecode.c.c; name = ft_str_is_empty.c; path = ../../../../../s61/libft/ft_str_is_empty.c; sourceTree = "<group>"; };
		C763C0E123BE263B00201FA7 /* ft_memdel.c */ = {isa = PBXFileReference; fileEncoding = 4; lastKnownFileType = sourcecode.c.c; name = ft_memdel.c; path = ../../../../../s61/libft/ft_memdel.c; sourceTree = "<group>"; };
		C763C0E223BE263B00201FA7 /* ft_strncmp.c */ = {isa = PBXFileReference; fileEncoding = 4; lastKnownFileType = sourcecode.c.c; name = ft_strncmp.c; path = ../../../../../s61/libft/ft_strncmp.c; sourceTree = "<group>"; };
		C763C0E323BE263B00201FA7 /* ft_strnew.c */ = {isa = PBXFileReference; fileEncoding = 4; lastKnownFileType = sourcecode.c.c; name = ft_strnew.c; path = ../../../../../s61/libft/ft_strnew.c; sourceTree = "<group>"; };
		C763C0E423BE263B00201FA7 /* ft_itoa.c */ = {isa = PBXFileReference; fileEncoding = 4; lastKnownFileType = sourcecode.c.c; name = ft_itoa.c; path = ../../../../../s61/libft/ft_itoa.c; sourceTree = "<group>"; };
		C763C0E523BE263B00201FA7 /* ft_memchr.c */ = {isa = PBXFileReference; fileEncoding = 4; lastKnownFileType = sourcecode.c.c; name = ft_memchr.c; path = ../../../../../s61/libft/ft_memchr.c; sourceTree = "<group>"; };
		C763C0E623BE263B00201FA7 /* ft_putendl_fd.c */ = {isa = PBXFileReference; fileEncoding = 4; lastKnownFileType = sourcecode.c.c; name = ft_putendl_fd.c; path = ../../../../../s61/libft/ft_putendl_fd.c; sourceTree = "<group>"; };
		C763C0E723BE263B00201FA7 /* ft_lst_free.c */ = {isa = PBXFileReference; fileEncoding = 4; lastKnownFileType = sourcecode.c.c; name = ft_lst_free.c; path = ../../../../../s61/libft/ft_lst_free.c; sourceTree = "<group>"; };
		C763C0E823BE263B00201FA7 /* ft_lst_free_item.c */ = {isa = PBXFileReference; fileEncoding = 4; lastKnownFileType = sourcecode.c.c; name = ft_lst_free_item.c; path = ../../../../../s61/libft/ft_lst_free_item.c; sourceTree = "<group>"; };
		C763C0E923BE263B00201FA7 /* ft_strlcat.c */ = {isa = PBXFileReference; fileEncoding = 4; lastKnownFileType = sourcecode.c.c; name = ft_strlcat.c; path = ../../../../../s61/libft/ft_strlcat.c; sourceTree = "<group>"; };
		C763C0EA23BE263B00201FA7 /* ft_lstadd.c */ = {isa = PBXFileReference; fileEncoding = 4; lastKnownFileType = sourcecode.c.c; name = ft_lstadd.c; path = ../../../../../s61/libft/ft_lstadd.c; sourceTree = "<group>"; };
		C763C0EB23BE263B00201FA7 /* ft_strclr.c */ = {isa = PBXFileReference; fileEncoding = 4; lastKnownFileType = sourcecode.c.c; name = ft_strclr.c; path = ../../../../../s61/libft/ft_strclr.c; sourceTree = "<group>"; };
		C763C0EC23BE263B00201FA7 /* dic.c */ = {isa = PBXFileReference; fileEncoding = 4; lastKnownFileType = sourcecode.c.c; name = dic.c; path = ../../../../../s61/libft/dic.c; sourceTree = "<group>"; };
		C763C0ED23BE263B00201FA7 /* ft_split.c */ = {isa = PBXFileReference; fileEncoding = 4; lastKnownFileType = sourcecode.c.c; name = ft_split.c; path = ../../../../../s61/libft/ft_split.c; sourceTree = "<group>"; };
		C763C0EE23BE263B00201FA7 /* ft_strtrim.c */ = {isa = PBXFileReference; fileEncoding = 4; lastKnownFileType = sourcecode.c.c; name = ft_strtrim.c; path = ../../../../../s61/libft/ft_strtrim.c; sourceTree = "<group>"; };
		C763C0EF23BE263B00201FA7 /* save_file_no.c */ = {isa = PBXFileReference; fileEncoding = 4; lastKnownFileType = sourcecode.c.c; name = save_file_no.c; path = ../../../../../s61/libft/save_file_no.c; sourceTree = "<group>"; };
		C763C0F023BE263B00201FA7 /* ft_memset.c */ = {isa = PBXFileReference; fileEncoding = 4; lastKnownFileType = sourcecode.c.c; name = ft_memset.c; path = ../../../../../s61/libft/ft_memset.c; sourceTree = "<group>"; };
		C763C0F123BE263B00201FA7 /* ft_lstiter.c */ = {isa = PBXFileReference; fileEncoding = 4; lastKnownFileType = sourcecode.c.c; name = ft_lstiter.c; path = ../../../../../s61/libft/ft_lstiter.c; sourceTree = "<group>"; };
		C763C0F223BE263B00201FA7 /* ft_isalpha.c */ = {isa = PBXFileReference; fileEncoding = 4; lastKnownFileType = sourcecode.c.c; name = ft_isalpha.c; path = ../../../../../s61/libft/ft_isalpha.c; sourceTree = "<group>"; };
		C763C0F323BE263B00201FA7 /* libft.h */ = {isa = PBXFileReference; fileEncoding = 4; lastKnownFileType = sourcecode.c.h; name = libft.h; path = ../../../../../s61/libft/libft.h; sourceTree = "<group>"; };
		C763C0F423BE263B00201FA7 /* dic2.c */ = {isa = PBXFileReference; fileEncoding = 4; lastKnownFileType = sourcecode.c.c; name = dic2.c; path = ../../../../../s61/libft/dic2.c; sourceTree = "<group>"; };
		C763C0F523BE263C00201FA7 /* asserts2.c */ = {isa = PBXFileReference; fileEncoding = 4; lastKnownFileType = sourcecode.c.c; name = asserts2.c; path = ../../../../../s61/libft/asserts2.c; sourceTree = "<group>"; };
		C763C0F623BE263C00201FA7 /* ft_strncat.c */ = {isa = PBXFileReference; fileEncoding = 4; lastKnownFileType = sourcecode.c.c; name = ft_strncat.c; path = ../../../../../s61/libft/ft_strncat.c; sourceTree = "<group>"; };
		C763C0F723BE263C00201FA7 /* ft_strsplit.c */ = {isa = PBXFileReference; fileEncoding = 4; lastKnownFileType = sourcecode.c.c; name = ft_strsplit.c; path = ../../../../../s61/libft/ft_strsplit.c; sourceTree = "<group>"; };
		C763C0F823BE263C00201FA7 /* ft_memalloc.c */ = {isa = PBXFileReference; fileEncoding = 4; lastKnownFileType = sourcecode.c.c; name = ft_memalloc.c; path = ../../../../../s61/libft/ft_memalloc.c; sourceTree = "<group>"; };
		C763C0F923BE263C00201FA7 /* ft_memcpy.c */ = {isa = PBXFileReference; fileEncoding = 4; lastKnownFileType = sourcecode.c.c; name = ft_memcpy.c; path = ../../../../../s61/libft/ft_memcpy.c; sourceTree = "<group>"; };
		C763C0FA23BE263C00201FA7 /* ft_sort_strings.c */ = {isa = PBXFileReference; fileEncoding = 4; lastKnownFileType = sourcecode.c.c; name = ft_sort_strings.c; path = ../../../../../s61/libft/ft_sort_strings.c; sourceTree = "<group>"; };
		C763C0FB23BE263C00201FA7 /* ft_starts_with.c */ = {isa = PBXFileReference; fileEncoding = 4; lastKnownFileType = sourcecode.c.c; name = ft_starts_with.c; path = ../../../../../s61/libft/ft_starts_with.c; sourceTree = "<group>"; };
		C763C0FC23BE263C00201FA7 /* ft_striteri.c */ = {isa = PBXFileReference; fileEncoding = 4; lastKnownFileType = sourcecode.c.c; name = ft_striteri.c; path = ../../../../../s61/libft/ft_striteri.c; sourceTree = "<group>"; };
		C763C0FD23BE263C00201FA7 /* ft_file.c */ = {isa = PBXFileReference; fileEncoding = 4; lastKnownFileType = sourcecode.c.c; name = ft_file.c; path = ../../../../../s61/libft/ft_file.c; sourceTree = "<group>"; };
		C763C0FE23BE263C00201FA7 /* ft_lstdel.c */ = {isa = PBXFileReference; fileEncoding = 4; lastKnownFileType = sourcecode.c.c; name = ft_lstdel.c; path = ../../../../../s61/libft/ft_lstdel.c; sourceTree = "<group>"; };
		C763C0FF23BE263C00201FA7 /* log.c */ = {isa = PBXFileReference; fileEncoding = 4; lastKnownFileType = sourcecode.c.c; name = log.c; path = ../../../../../s61/libft/log.c; sourceTree = "<group>"; };
		C763C10023BE263C00201FA7 /* ft_memccpy.c */ = {isa = PBXFileReference; fileEncoding = 4; lastKnownFileType = sourcecode.c.c; name = ft_memccpy.c; path = ../../../../../s61/libft/ft_memccpy.c; sourceTree = "<group>"; };
		C763C10123BE263C00201FA7 /* ft_putnbr_fd.c */ = {isa = PBXFileReference; fileEncoding = 4; lastKnownFileType = sourcecode.c.c; name = ft_putnbr_fd.c; path = ../../../../../s61/libft/ft_putnbr_fd.c; sourceTree = "<group>"; };
		C763C10223BE263C00201FA7 /* ft_strstr.c */ = {isa = PBXFileReference; fileEncoding = 4; lastKnownFileType = sourcecode.c.c; name = ft_strstr.c; path = ../../../../../s61/libft/ft_strstr.c; sourceTree = "<group>"; };
		C763C10323BE263C00201FA7 /* ft_last_index.c */ = {isa = PBXFileReference; fileEncoding = 4; lastKnownFileType = sourcecode.c.c; name = ft_last_index.c; path = ../../../../../s61/libft/ft_last_index.c; sourceTree = "<group>"; };
		C763C10423BE263C00201FA7 /* ft_str_insert_at.c */ = {isa = PBXFileReference; fileEncoding = 4; lastKnownFileType = sourcecode.c.c; name = ft_str_insert_at.c; path = ../../../../../s61/libft/ft_str_insert_at.c; sourceTree = "<group>"; };
		C763C10523BE263C00201FA7 /* ft_strmap.c */ = {isa = PBXFileReference; fileEncoding = 4; lastKnownFileType = sourcecode.c.c; name = ft_strmap.c; path = ../../../../../s61/libft/ft_strmap.c; sourceTree = "<group>"; };
		C763C10623BE263C00201FA7 /* dic3.c */ = {isa = PBXFileReference; fileEncoding = 4; lastKnownFileType = sourcecode.c.c; name = dic3.c; path = ../../../../../s61/libft/dic3.c; sourceTree = "<group>"; };
		C763C10723BE263C00201FA7 /* debug.c */ = {isa = PBXFileReference; fileEncoding = 4; lastKnownFileType = sourcecode.c.c; name = debug.c; path = ../../../../../s61/libft/debug.c; sourceTree = "<group>"; };
		C763C10823BE263C00201FA7 /* ft_lst_count.c */ = {isa = PBXFileReference; fileEncoding = 4; lastKnownFileType = sourcecode.c.c; name = ft_lst_count.c; path = ../../../../../s61/libft/ft_lst_count.c; sourceTree = "<group>"; };
		C763C10923BE263D00201FA7 /* ft_putchar.c */ = {isa = PBXFileReference; fileEncoding = 4; lastKnownFileType = sourcecode.c.c; name = ft_putchar.c; path = ../../../../../s61/libft/ft_putchar.c; sourceTree = "<group>"; };
		C763C10A23BE263D00201FA7 /* ft_striter.c */ = {isa = PBXFileReference; fileEncoding = 4; lastKnownFileType = sourcecode.c.c; name = ft_striter.c; path = ../../../../../s61/libft/ft_striter.c; sourceTree = "<group>"; };
		C763C10B23BE263D00201FA7 /* ft_is_number.c */ = {isa = PBXFileReference; fileEncoding = 4; lastKnownFileType = sourcecode.c.c; name = ft_is_number.c; path = ../../../../../s61/libft/ft_is_number.c; sourceTree = "<group>"; };
		C763C10C23BE263D00201FA7 /* ft_strchr.c */ = {isa = PBXFileReference; fileEncoding = 4; lastKnownFileType = sourcecode.c.c; name = ft_strchr.c; path = ../../../../../s61/libft/ft_strchr.c; sourceTree = "<group>"; };
		C763C10D23BE263D00201FA7 /* ft_strmapi.c */ = {isa = PBXFileReference; fileEncoding = 4; lastKnownFileType = sourcecode.c.c; name = ft_strmapi.c; path = ../../../../../s61/libft/ft_strmapi.c; sourceTree = "<group>"; };
		C763C10E23BE263D00201FA7 /* ft_bzero.c */ = {isa = PBXFileReference; fileEncoding = 4; lastKnownFileType = sourcecode.c.c; name = ft_bzero.c; path = ../../../../../s61/libft/ft_bzero.c; sourceTree = "<group>"; };
		C763C10F23BE263D00201FA7 /* debug2.c */ = {isa = PBXFileReference; fileEncoding = 4; lastKnownFileType = sourcecode.c.c; name = debug2.c; path = ../../../../../s61/libft/debug2.c; sourceTree = "<group>"; };
		C763C11023BE263D00201FA7 /* ft_strjoin.c */ = {isa = PBXFileReference; fileEncoding = 4; lastKnownFileType = sourcecode.c.c; name = ft_strjoin.c; path = ../../../../../s61/libft/ft_strjoin.c; sourceTree = "<group>"; };
		C763C11123BE263D00201FA7 /* ft_strnstr.c */ = {isa = PBXFileReference; fileEncoding = 4; lastKnownFileType = sourcecode.c.c; name = ft_strnstr.c; path = ../../../../../s61/libft/ft_strnstr.c; sourceTree = "<group>"; };
		C763C11223BE263D00201FA7 /* ft_printf_fill_args.c */ = {isa = PBXFileReference; fileEncoding = 4; lastKnownFileType = sourcecode.c.c; name = ft_printf_fill_args.c; path = ../../../../../s61/libft/ft_printf_fill_args.c; sourceTree = "<group>"; };
		C763C11323BE263D00201FA7 /* ft_memmove.c */ = {isa = PBXFileReference; fileEncoding = 4; lastKnownFileType = sourcecode.c.c; name = ft_memmove.c; path = ../../../../../s61/libft/ft_memmove.c; sourceTree = "<group>"; };
		C763C11423BE263D00201FA7 /* ft_str_count_chars.c */ = {isa = PBXFileReference; fileEncoding = 4; lastKnownFileType = sourcecode.c.c; name = ft_str_count_chars.c; path = ../../../../../s61/libft/ft_str_count_chars.c; sourceTree = "<group>"; };
		C763C11523BE263D00201FA7 /* ft_memcmp.c */ = {isa = PBXFileReference; fileEncoding = 4; lastKnownFileType = sourcecode.c.c; name = ft_memcmp.c; path = ../../../../../s61/libft/ft_memcmp.c; sourceTree = "<group>"; };
		C763C11623BE263D00201FA7 /* ft_strdel.c */ = {isa = PBXFileReference; fileEncoding = 4; lastKnownFileType = sourcecode.c.c; name = ft_strdel.c; path = ../../../../../s61/libft/ft_strdel.c; sourceTree = "<group>"; };
		C763C11723BE263D00201FA7 /* ft_putendl.c */ = {isa = PBXFileReference; fileEncoding = 4; lastKnownFileType = sourcecode.c.c; name = ft_putendl.c; path = ../../../../../s61/libft/ft_putendl.c; sourceTree = "<group>"; };
		C763C11823BE263D00201FA7 /* ft_isprint.c */ = {isa = PBXFileReference; fileEncoding = 4; lastKnownFileType = sourcecode.c.c; name = ft_isprint.c; path = ../../../../../s61/libft/ft_isprint.c; sourceTree = "<group>"; };
		C763C11923BE263D00201FA7 /* ft_lst_find.c */ = {isa = PBXFileReference; fileEncoding = 4; lastKnownFileType = sourcecode.c.c; name = ft_lst_find.c; path = ../../../../../s61/libft/ft_lst_find.c; sourceTree = "<group>"; };
		C763C11A23BE263D00201FA7 /* libft.a */ = {isa = PBXFileReference; lastKnownFileType = archive.ar; name = libft.a; path = ../../../../../s61/libft/libft.a; sourceTree = "<group>"; };
		C763C11B23BE263D00201FA7 /* ft_putchar_fd.c */ = {isa = PBXFileReference; fileEncoding = 4; lastKnownFileType = sourcecode.c.c; name = ft_putchar_fd.c; path = ../../../../../s61/libft/ft_putchar_fd.c; sourceTree = "<group>"; };
		C763C11C23BE263D00201FA7 /* ft_ends_with.c */ = {isa = PBXFileReference; fileEncoding = 4; lastKnownFileType = sourcecode.c.c; name = ft_ends_with.c; path = ../../../../../s61/libft/ft_ends_with.c; sourceTree = "<group>"; };
		C763C11D23BE263E00201FA7 /* ft_str_starts_with.c */ = {isa = PBXFileReference; fileEncoding = 4; lastKnownFileType = sourcecode.c.c; name = ft_str_starts_with.c; path = ../../../../../s61/libft/ft_str_starts_with.c; sourceTree = "<group>"; };
		C763C11E23BE263E00201FA7 /* ft_strdup.c */ = {isa = PBXFileReference; fileEncoding = 4; lastKnownFileType = sourcecode.c.c; name = ft_strdup.c; path = ../../../../../s61/libft/ft_strdup.c; sourceTree = "<group>"; };
		C763C18923BE26BA00201FA7 /* key_handlers2.c */ = {isa = PBXFileReference; fileEncoding = 4; lastKnownFileType = sourcecode.c.c; name = key_handlers2.c; path = ../../../../../s61/src/key_handlers2.c; sourceTree = "<group>"; };
		C763C18A23BE26BA00201FA7 /* cursor_move2.c */ = {isa = PBXFileReference; fileEncoding = 4; lastKnownFileType = sourcecode.c.c; name = cursor_move2.c; path = ../../../../../s61/src/cursor_move2.c; sourceTree = "<group>"; };
		C763C18B23BE26BA00201FA7 /* env3.c */ = {isa = PBXFileReference; fileEncoding = 4; lastKnownFileType = sourcecode.c.c; name = env3.c; path = ../../../../../s61/src/env3.c; sourceTree = "<group>"; };
		C763C18C23BE26BA00201FA7 /* pipe_exec.c */ = {isa = PBXFileReference; fileEncoding = 4; lastKnownFileType = sourcecode.c.c; name = pipe_exec.c; path = ../../../../../s61/src/pipe_exec.c; sourceTree = "<group>"; };
		C763C18D23BE26BA00201FA7 /* ft_set_env.c */ = {isa = PBXFileReference; fileEncoding = 4; lastKnownFileType = sourcecode.c.c; name = ft_set_env.c; path = ../../../../../s61/src/ft_set_env.c; sourceTree = "<group>"; };
		C763C18E23BE26BA00201FA7 /* pipe_parse.c */ = {isa = PBXFileReference; fileEncoding = 4; lastKnownFileType = sourcecode.c.c; name = pipe_parse.c; path = ../../../../../s61/src/pipe_parse.c; sourceTree = "<group>"; };
		C763C18F23BE26BA00201FA7 /* cmd_parser.c */ = {isa = PBXFileReference; fileEncoding = 4; lastKnownFileType = sourcecode.c.c; name = cmd_parser.c; path = ../../../../../s61/src/cmd_parser.c; sourceTree = "<group>"; };
		C763C19023BE26BB00201FA7 /* cursor_move.c */ = {isa = PBXFileReference; fileEncoding = 4; lastKnownFileType = sourcecode.c.c; name = cursor_move.c; path = ../../../../../s61/src/cursor_move.c; sourceTree = "<group>"; };
		C763C19123BE26BB00201FA7 /* awaited_process.c */ = {isa = PBXFileReference; fileEncoding = 4; lastKnownFileType = sourcecode.c.c; name = awaited_process.c; path = ../../../../../s61/src/awaited_process.c; sourceTree = "<group>"; };
		C763C19223BE26BB00201FA7 /* console_read_buffer.c */ = {isa = PBXFileReference; fileEncoding = 4; lastKnownFileType = sourcecode.c.c; name = console_read_buffer.c; path = ../../../../../s61/src/console_read_buffer.c; sourceTree = "<group>"; };
		C763C19323BE26BB00201FA7 /* env2.c */ = {isa = PBXFileReference; fileEncoding = 4; lastKnownFileType = sourcecode.c.c; name = env2.c; path = ../../../../../s61/src/env2.c; sourceTree = "<group>"; };
		C763C19423BE26BB00201FA7 /* history.h */ = {isa = PBXFileReference; fileEncoding = 4; lastKnownFileType = sourcecode.c.h; name = history.h; path = ../../../../../s61/src/history.h; sourceTree = "<group>"; };
		C763C19523BE26BB00201FA7 /* termios.c */ = {isa = PBXFileReference; fileEncoding = 4; lastKnownFileType = sourcecode.c.c; name = termios.c; path = ../../../../../s61/src/termios.c; sourceTree = "<group>"; };
		C763C19623BE26BB00201FA7 /* replace_quoted2.c */ = {isa = PBXFileReference; fileEncoding = 4; lastKnownFileType = sourcecode.c.c; name = replace_quoted2.c; path = ../../../../../s61/src/replace_quoted2.c; sourceTree = "<group>"; };
		C763C19723BE26BB00201FA7 /* process_command.c */ = {isa = PBXFileReference; fileEncoding = 4; lastKnownFileType = sourcecode.c.c; name = process_command.c; path = ../../../../../s61/src/process_command.c; sourceTree = "<group>"; };
		C763C19823BE26BB00201FA7 /* history2.c */ = {isa = PBXFileReference; fileEncoding = 4; lastKnownFileType = sourcecode.c.c; name = history2.c; path = ../../../../../s61/src/history2.c; sourceTree = "<group>"; };
		C763C19923BE26BB00201FA7 /* cd.c */ = {isa = PBXFileReference; fileEncoding = 4; lastKnownFileType = sourcecode.c.c; name = cd.c; path = ../../../../../s61/src/cd.c; sourceTree = "<group>"; };
		C763C19A23BE26BB00201FA7 /* console_read_buffer3.c */ = {isa = PBXFileReference; fileEncoding = 4; lastKnownFileType = sourcecode.c.c; name = console_read_buffer3.c; path = ../../../../../s61/src/console_read_buffer3.c; sourceTree = "<group>"; };
		C763C19B23BE26BB00201FA7 /* history.c */ = {isa = PBXFileReference; fileEncoding = 4; lastKnownFileType = sourcecode.c.c; name = history.c; path = ../../../../../s61/src/history.c; sourceTree = "<group>"; };
		C763C19C23BE26BB00201FA7 /* minishell.h */ = {isa = PBXFileReference; fileEncoding = 4; lastKnownFileType = sourcecode.c.h; name = minishell.h; path = ../../../../../s61/src/minishell.h; sourceTree = "<group>"; };
		C763C19D23BE26BC00201FA7 /* key_constants.h */ = {isa = PBXFileReference; fileEncoding = 4; lastKnownFileType = sourcecode.c.h; name = key_constants.h; path = ../../../../../s61/src/key_constants.h; sourceTree = "<group>"; };
		C763C19E23BE26BC00201FA7 /* key_handlers.c */ = {isa = PBXFileReference; fileEncoding = 4; lastKnownFileType = sourcecode.c.c; name = key_handlers.c; path = ../../../../../s61/src/key_handlers.c; sourceTree = "<group>"; };
		C763C19F23BE26BC00201FA7 /* console_read_buffer2.c */ = {isa = PBXFileReference; fileEncoding = 4; lastKnownFileType = sourcecode.c.c; name = console_read_buffer2.c; path = ../../../../../s61/src/console_read_buffer2.c; sourceTree = "<group>"; };
		C763C1A023BE26BC00201FA7 /* folders.c */ = {isa = PBXFileReference; fileEncoding = 4; lastKnownFileType = sourcecode.c.c; name = folders.c; path = ../../../../../s61/src/folders.c; sourceTree = "<group>"; };
		C763C1A123BE26BC00201FA7 /* shell.c */ = {isa = PBXFileReference; fileEncoding = 4; lastKnownFileType = sourcecode.c.c; name = shell.c; path = ../../../../../s61/src/shell.c; sourceTree = "<group>"; };
		C763C1A223BE26BC00201FA7 /* replace_quoted.c */ = {isa = PBXFileReference; fileEncoding = 4; lastKnownFileType = sourcecode.c.c; name = replace_quoted.c; path = ../../../../../s61/src/replace_quoted.c; sourceTree = "<group>"; };
		C763C1A323BE26BC00201FA7 /* exec.c */ = {isa = PBXFileReference; fileEncoding = 4; lastKnownFileType = sourcecode.c.c; name = exec.c; path = ../../../../../s61/src/exec.c; sourceTree = "<group>"; };
		C763C1A423BE26BC00201FA7 /* env.c */ = {isa = PBXFileReference; fileEncoding = 4; lastKnownFileType = sourcecode.c.c; name = env.c; path = ../../../../../s61/src/env.c; sourceTree = "<group>"; };
		C763C1A523BE26BC00201FA7 /* main.c */ = {isa = PBXFileReference; fileEncoding = 4; lastKnownFileType = sourcecode.c.c; name = main.c; path = ../../../../../s61/src/main.c; sourceTree = "<group>"; };
		C763C1A623BE26BC00201FA7 /* console_reader.c */ = {isa = PBXFileReference; fileEncoding = 4; lastKnownFileType = sourcecode.c.c; name = console_reader.c; path = ../../../../../s61/src/console_reader.c; sourceTree = "<group>"; };
		C763C1A723BE26BD00201FA7 /* exec2.c */ = {isa = PBXFileReference; fileEncoding = 4; lastKnownFileType = sourcecode.c.c; name = exec2.c; path = ../../../../../s61/src/exec2.c; sourceTree = "<group>"; };
		C763C1A823BE26BD00201FA7 /* env4.c */ = {isa = PBXFileReference; fileEncoding = 4; lastKnownFileType = sourcecode.c.c; name = env4.c; path = ../../../../../s61/src/env4.c; sourceTree = "<group>"; };
		C7C5E63B23BE5413008A9543 /* Makefile */ = {isa = PBXFileReference; fileEncoding = 4; lastKnownFileType = sourcecode.make; name = Makefile; path = ../../../../s61/Makefile; sourceTree = "<group>"; };
/* End PBXFileReference section */

/* Begin PBXFrameworksBuildPhase section */
		C74F11AA23B8AE080075599D /* Frameworks */ = {
			isa = PBXFrameworksBuildPhase;
			buildActionMask = 2147483647;
			files = (
				C763C18423BE263E00201FA7 /* libft.a in Frameworks */,
			);
			runOnlyForDeploymentPostprocessing = 0;
		};
/* End PBXFrameworksBuildPhase section */

/* Begin PBXGroup section */
		C74F11A423B8AE080075599D = {
			isa = PBXGroup;
			children = (
				C7C5E63B23BE5413008A9543 /* Makefile */,
				C74F127323B8AEFB0075599D /* src */,
				C74F11B723B8AE450075599D /* libft */,
				C74F11AF23B8AE080075599D /* minishell.tests */,
				C74F11AE23B8AE080075599D /* Products */,
			);
			sourceTree = "<group>";
		};
		C74F11AE23B8AE080075599D /* Products */ = {
			isa = PBXGroup;
			children = (
				C74F11AD23B8AE080075599D /* minishell.tests */,
			);
			name = Products;
			sourceTree = "<group>";
		};
		C74F11AF23B8AE080075599D /* minishell.tests */ = {
			isa = PBXGroup;
			children = (
				C74F128E23B8AFA70075599D /* batch_test.txt */,
				C74F128D23B8AFA70075599D /* pipe.txt */,
				C74F128C23B8AFA70075599D /* tests.c */,
			);
			path = minishell.tests;
			sourceTree = "<group>";
		};
		C74F11B723B8AE450075599D /* libft */ = {
			isa = PBXGroup;
			children = (
				C763C0C123BE263900201FA7 /* asserts.c */,
				C763C0F523BE263C00201FA7 /* asserts2.c */,
				C763C10723BE263C00201FA7 /* debug.c */,
				C763C10F23BE263D00201FA7 /* debug2.c */,
				C763C0EC23BE263B00201FA7 /* dic.c */,
				C763C0F423BE263B00201FA7 /* dic2.c */,
				C763C10623BE263C00201FA7 /* dic3.c */,
				C763C0CF23BE263A00201FA7 /* dic4.c */,
				C763C0C223BE263900201FA7 /* ft_atoi.c */,
				C763C10E23BE263D00201FA7 /* ft_bzero.c */,
				C763C0BA23BE263900201FA7 /* ft_contains.c */,
				C763C0C723BE263900201FA7 /* ft_count_words.c */,
				C763C0C323BE263900201FA7 /* ft_e_putstr.c */,
				C763C11C23BE263D00201FA7 /* ft_ends_with.c */,
				C763C0CD23BE263A00201FA7 /* ft_exec.c */,
				C763C0FD23BE263C00201FA7 /* ft_file.c */,
				C763C0D323BE263A00201FA7 /* ft_free_zt_array.c */,
				C763C10B23BE263D00201FA7 /* ft_is_number.c */,
				C763C0CC23BE263A00201FA7 /* ft_isalnum.c */,
				C763C0F223BE263B00201FA7 /* ft_isalpha.c */,
				C763C0D823BE263A00201FA7 /* ft_isascii.c */,
				C763C0C423BE263900201FA7 /* ft_isdigit.c */,
				C763C11823BE263D00201FA7 /* ft_isprint.c */,
				C763C0E423BE263B00201FA7 /* ft_itoa.c */,
				C763C10323BE263C00201FA7 /* ft_last_index.c */,
				C763C10823BE263C00201FA7 /* ft_lst_count.c */,
				C763C11923BE263D00201FA7 /* ft_lst_find.c */,
				C763C0E823BE263B00201FA7 /* ft_lst_free_item.c */,
				C763C0E723BE263B00201FA7 /* ft_lst_free.c */,
				C763C0C823BE263900201FA7 /* ft_lst_insert.c */,
				C763C0DF23BE263A00201FA7 /* ft_lst_reduce.c */,
				C763C0B523BE263800201FA7 /* ft_lst_remove_sorted.c */,
				C763C0EA23BE263B00201FA7 /* ft_lstadd.c */,
				C763C0FE23BE263C00201FA7 /* ft_lstdel.c */,
				C763C0BE23BE263900201FA7 /* ft_lstdelone.c */,
				C763C0F123BE263B00201FA7 /* ft_lstiter.c */,
				C763C0C923BE263900201FA7 /* ft_lstmap.c */,
				C763C0B923BE263900201FA7 /* ft_lstnew.c */,
				C763C0F823BE263C00201FA7 /* ft_memalloc.c */,
				C763C10023BE263C00201FA7 /* ft_memccpy.c */,
				C763C0E523BE263B00201FA7 /* ft_memchr.c */,
				C763C11523BE263D00201FA7 /* ft_memcmp.c */,
				C763C0F923BE263C00201FA7 /* ft_memcpy.c */,
				C763C0E123BE263B00201FA7 /* ft_memdel.c */,
				C763C11323BE263D00201FA7 /* ft_memmove.c */,
				C763C0F023BE263B00201FA7 /* ft_memset.c */,
				C763C11223BE263D00201FA7 /* ft_printf_fill_args.c */,
				C763C0D423BE263A00201FA7 /* ft_printf.c */,
				C763C0C023BE263900201FA7 /* ft_printf2.c */,
				C763C11B23BE263D00201FA7 /* ft_putchar_fd.c */,
				C763C10923BE263D00201FA7 /* ft_putchar.c */,
				C763C0E623BE263B00201FA7 /* ft_putendl_fd.c */,
				C763C11723BE263D00201FA7 /* ft_putendl.c */,
				C763C10123BE263C00201FA7 /* ft_putnbr_fd.c */,
				C763C0B823BE263900201FA7 /* ft_putnbr.c */,
				C763C0D123BE263A00201FA7 /* ft_putstr_fd.c */,
				C763C0BD23BE263900201FA7 /* ft_putstr.c */,
				C763C0BF23BE263900201FA7 /* ft_readline.c */,
				C763C0FA23BE263C00201FA7 /* ft_sort_strings.c */,
				C763C0ED23BE263B00201FA7 /* ft_split.c */,
				C763C0D923BE263A00201FA7 /* ft_sqrt_up.c */,
				C763C0FB23BE263C00201FA7 /* ft_starts_with.c */,
				C763C0DD23BE263A00201FA7 /* ft_str_append.c */,
				C763C11423BE263D00201FA7 /* ft_str_count_chars.c */,
				C763C0DA23BE263A00201FA7 /* ft_str_equals.c */,
				C763C10423BE263C00201FA7 /* ft_str_insert_at.c */,
				C763C0E023BE263B00201FA7 /* ft_str_is_empty.c */,
				C763C0CE23BE263A00201FA7 /* ft_str_left_from.c */,
				C763C0BC23BE263900201FA7 /* ft_str_remove_at.c */,
				C763C0DC23BE263A00201FA7 /* ft_str_remove_comment.c */,
				C763C0DE23BE263A00201FA7 /* ft_str_replace.c */,
				C763C11D23BE263E00201FA7 /* ft_str_starts_with.c */,
				C763C0CA23BE263900201FA7 /* ft_strcat.c */,
				C763C10C23BE263D00201FA7 /* ft_strchr.c */,
				C763C0EB23BE263B00201FA7 /* ft_strclr.c */,
				C763C0B623BE263800201FA7 /* ft_strcmp.c */,
				C763C0D223BE263A00201FA7 /* ft_strcpy.c */,
				C763C11623BE263D00201FA7 /* ft_strdel.c */,
				C763C11E23BE263E00201FA7 /* ft_strdup.c */,
				C763C0D023BE263A00201FA7 /* ft_strequ.c */,
				C763C10A23BE263D00201FA7 /* ft_striter.c */,
				C763C0FC23BE263C00201FA7 /* ft_striteri.c */,
				C763C11023BE263D00201FA7 /* ft_strjoin.c */,
				C763C0E923BE263B00201FA7 /* ft_strlcat.c */,
				C763C0C523BE263900201FA7 /* ft_strlen.c */,
				C763C10523BE263C00201FA7 /* ft_strmap.c */,
				C763C10D23BE263D00201FA7 /* ft_strmapi.c */,
				C763C0F623BE263C00201FA7 /* ft_strncat.c */,
				C763C0E223BE263B00201FA7 /* ft_strncmp.c */,
				C763C0B423BE263800201FA7 /* ft_strncpy.c */,
				C763C0BB23BE263900201FA7 /* ft_strndup.c */,
				C763C0D623BE263A00201FA7 /* ft_strnequ.c */,
				C763C0E323BE263B00201FA7 /* ft_strnew.c */,
				C763C11123BE263D00201FA7 /* ft_strnstr.c */,
				C763C0D723BE263A00201FA7 /* ft_strrchr.c */,
				C763C0F723BE263C00201FA7 /* ft_strsplit.c */,
				C763C10223BE263C00201FA7 /* ft_strstr.c */,
				C763C0B723BE263900201FA7 /* ft_strsub.c */,
				C763C0EE23BE263B00201FA7 /* ft_strtrim.c */,
				C763C0C623BE263900201FA7 /* ft_tolower.c */,
				C763C0D523BE263A00201FA7 /* ft_toupper.c */,
				C763C0DB23BE263A00201FA7 /* int_lg.c */,
				C763C11A23BE263D00201FA7 /* libft.a */,
				C763C0F323BE263B00201FA7 /* libft.h */,
				C763C0FF23BE263C00201FA7 /* log.c */,
				C763C0CB23BE263A00201FA7 /* Makefile */,
				C763C0EF23BE263B00201FA7 /* save_file_no.c */,
			);
			path = libft;
			sourceTree = "<group>";
		};
		C74F127323B8AEFB0075599D /* src */ = {
			isa = PBXGroup;
			children = (
				C763C19123BE26BB00201FA7 /* awaited_process.c */,
				C763C19923BE26BB00201FA7 /* cd.c */,
				C763C18F23BE26BA00201FA7 /* cmd_parser.c */,
				C763C19223BE26BB00201FA7 /* console_read_buffer.c */,
				C763C19F23BE26BC00201FA7 /* console_read_buffer2.c */,
				C763C19A23BE26BB00201FA7 /* console_read_buffer3.c */,
				C763C1A623BE26BC00201FA7 /* console_reader.c */,
				C763C19023BE26BB00201FA7 /* cursor_move.c */,
				C763C18A23BE26BA00201FA7 /* cursor_move2.c */,
				C763C1A423BE26BC00201FA7 /* env.c */,
				C763C19323BE26BB00201FA7 /* env2.c */,
				C763C18B23BE26BA00201FA7 /* env3.c */,
				C763C1A823BE26BD00201FA7 /* env4.c */,
				C763C1A323BE26BC00201FA7 /* exec.c */,
				C763C1A723BE26BD00201FA7 /* exec2.c */,
				C763C1A023BE26BC00201FA7 /* folders.c */,
				C763C18D23BE26BA00201FA7 /* ft_set_env.c */,
				C763C19B23BE26BB00201FA7 /* history.c */,
				C763C19423BE26BB00201FA7 /* history.h */,
				C763C19823BE26BB00201FA7 /* history2.c */,
				C763C19D23BE26BC00201FA7 /* key_constants.h */,
				C763C19E23BE26BC00201FA7 /* key_handlers.c */,
				C763C18923BE26BA00201FA7 /* key_handlers2.c */,
				C763C1A523BE26BC00201FA7 /* main.c */,
				C763C19C23BE26BB00201FA7 /* minishell.h */,
				C763C18C23BE26BA00201FA7 /* pipe_exec.c */,
				C763C18E23BE26BA00201FA7 /* pipe_parse.c */,
				C763C19723BE26BB00201FA7 /* process_command.c */,
				C763C1A223BE26BC00201FA7 /* replace_quoted.c */,
				C763C19623BE26BB00201FA7 /* replace_quoted2.c */,
				C763C1A123BE26BC00201FA7 /* shell.c */,
				C763C19523BE26BB00201FA7 /* termios.c */,
			);
			path = src;
			sourceTree = "<group>";
		};
/* End PBXGroup section */

/* Begin PBXNativeTarget section */
		C74F11AC23B8AE080075599D /* minishell.tests */ = {
			isa = PBXNativeTarget;
			buildConfigurationList = C74F11B423B8AE080075599D /* Build configuration list for PBXNativeTarget "minishell.tests" */;
			buildPhases = (
				C74F11A923B8AE080075599D /* Sources */,
				C74F11AA23B8AE080075599D /* Frameworks */,
				C74F11AB23B8AE080075599D /* CopyFiles */,
			);
			buildRules = (
			);
			dependencies = (
			);
			name = minishell.tests;
			productName = minishell.tests;
			productReference = C74F11AD23B8AE080075599D /* minishell.tests */;
			productType = "com.apple.product-type.tool";
		};
/* End PBXNativeTarget section */

/* Begin PBXProject section */
		C74F11A523B8AE080075599D /* Project object */ = {
			isa = PBXProject;
			attributes = {
				LastUpgradeCheck = 0920;
				ORGANIZATIONNAME = "Delia Arugula";
				TargetAttributes = {
					C74F11AC23B8AE080075599D = {
						CreatedOnToolsVersion = 9.2;
						ProvisioningStyle = Automatic;
					};
				};
			};
			buildConfigurationList = C74F11A823B8AE080075599D /* Build configuration list for PBXProject "minishell.tests" */;
			compatibilityVersion = "Xcode 8.0";
			developmentRegion = en;
			hasScannedForEncodings = 0;
			knownRegions = (
				en,
			);
			mainGroup = C74F11A423B8AE080075599D;
			productRefGroup = C74F11AE23B8AE080075599D /* Products */;
			projectDirPath = "";
			projectRoot = "";
			targets = (
				C74F11AC23B8AE080075599D /* minishell.tests */,
			);
		};
/* End PBXProject section */

/* Begin PBXSourcesBuildPhase section */
		C74F11A923B8AE080075599D /* Sources */ = {
			isa = PBXSourcesBuildPhase;
			buildActionMask = 2147483647;
			files = (
				C763C1BE23BE26BD00201FA7 /* shell.c in Sources */,
				C763C15523BE263E00201FA7 /* ft_lstadd.c in Sources */,
				C763C17B23BE263E00201FA7 /* ft_strnstr.c in Sources */,
				C763C17123BE263E00201FA7 /* debug.c in Sources */,
				C763C14023BE263E00201FA7 /* ft_toupper.c in Sources */,
				C763C17323BE263E00201FA7 /* ft_putchar.c in Sources */,
				C763C18623BE263E00201FA7 /* ft_ends_with.c in Sources */,
				C763C15B23BE263E00201FA7 /* ft_memset.c in Sources */,
				C763C12223BE263E00201FA7 /* ft_strsub.c in Sources */,
				C763C12323BE263E00201FA7 /* ft_putnbr.c in Sources */,
				C763C1BD23BE26BD00201FA7 /* folders.c in Sources */,
				C763C14323BE263E00201FA7 /* ft_isascii.c in Sources */,
				C763C17C23BE263E00201FA7 /* ft_printf_fill_args.c in Sources */,
				C763C15923BE263E00201FA7 /* ft_strtrim.c in Sources */,
				C763C11F23BE263E00201FA7 /* ft_strncpy.c in Sources */,
				C763C15423BE263E00201FA7 /* ft_strlcat.c in Sources */,
				C763C13123BE263E00201FA7 /* ft_tolower.c in Sources */,
				C763C16423BE263E00201FA7 /* ft_sort_strings.c in Sources */,
				C763C12C23BE263E00201FA7 /* asserts.c in Sources */,
				C763C18323BE263E00201FA7 /* ft_lst_find.c in Sources */,
				C763C15623BE263E00201FA7 /* ft_strclr.c in Sources */,
				C763C17A23BE263E00201FA7 /* ft_strjoin.c in Sources */,
				C763C14723BE263E00201FA7 /* ft_str_remove_comment.c in Sources */,
				C763C15323BE263E00201FA7 /* ft_lst_free_item.c in Sources */,
				C763C15723BE263E00201FA7 /* dic.c in Sources */,
				C763C1B423BE26BD00201FA7 /* termios.c in Sources */,
				C763C16823BE263E00201FA7 /* ft_lstdel.c in Sources */,
				C763C18523BE263E00201FA7 /* ft_putchar_fd.c in Sources */,
				C763C16F23BE263E00201FA7 /* ft_strmap.c in Sources */,
				C763C13C23BE263E00201FA7 /* ft_putstr_fd.c in Sources */,
				C763C1B123BE26BD00201FA7 /* awaited_process.c in Sources */,
				C763C13523BE263E00201FA7 /* ft_strcat.c in Sources */,
				C763C18123BE263E00201FA7 /* ft_putendl.c in Sources */,
				C763C17023BE263E00201FA7 /* dic3.c in Sources */,
				C763C14D23BE263E00201FA7 /* ft_strncmp.c in Sources */,
				C763C14523BE263E00201FA7 /* ft_str_equals.c in Sources */,
				C763C12723BE263E00201FA7 /* ft_str_remove_at.c in Sources */,
				C763C17D23BE263E00201FA7 /* ft_memmove.c in Sources */,
				C763C12D23BE263E00201FA7 /* ft_atoi.c in Sources */,
				C763C15C23BE263E00201FA7 /* ft_lstiter.c in Sources */,
				C763C18223BE263E00201FA7 /* ft_isprint.c in Sources */,
				C763C16E23BE263E00201FA7 /* ft_str_insert_at.c in Sources */,
				C763C1C423BE26BD00201FA7 /* exec2.c in Sources */,
				C763C13A23BE263E00201FA7 /* dic4.c in Sources */,
				C763C1BA23BE26BD00201FA7 /* history.c in Sources */,
				C763C1AF23BE26BD00201FA7 /* cmd_parser.c in Sources */,
				C763C1A923BE26BD00201FA7 /* key_handlers2.c in Sources */,
				C763C12023BE263E00201FA7 /* ft_lst_remove_sorted.c in Sources */,
				C763C1B223BE26BD00201FA7 /* console_read_buffer.c in Sources */,
				C763C18823BE263E00201FA7 /* ft_strdup.c in Sources */,
				C763C17723BE263E00201FA7 /* ft_strmapi.c in Sources */,
				C763C1BB23BE26BD00201FA7 /* key_handlers.c in Sources */,
				C763C1BC23BE26BD00201FA7 /* console_read_buffer2.c in Sources */,
				C763C1B323BE26BD00201FA7 /* env2.c in Sources */,
				C763C12A23BE263E00201FA7 /* ft_readline.c in Sources */,
				C763C14F23BE263E00201FA7 /* ft_itoa.c in Sources */,
				C763C1AB23BE26BD00201FA7 /* env3.c in Sources */,
				C763C13623BE263E00201FA7 /* Makefile in Sources */,
				C763C12423BE263E00201FA7 /* ft_lstnew.c in Sources */,
				C763C1B923BE26BD00201FA7 /* console_read_buffer3.c in Sources */,
				C763C1C523BE26BD00201FA7 /* env4.c in Sources */,
				C763C14B23BE263E00201FA7 /* ft_str_is_empty.c in Sources */,
				C763C13923BE263E00201FA7 /* ft_str_left_from.c in Sources */,
				C763C17423BE263E00201FA7 /* ft_striter.c in Sources */,
				C763C12B23BE263E00201FA7 /* ft_printf2.c in Sources */,
				C74F128F23B8AFA70075599D /* tests.c in Sources */,
				C763C17E23BE263E00201FA7 /* ft_str_count_chars.c in Sources */,
				C763C1AA23BE26BD00201FA7 /* cursor_move2.c in Sources */,
				C763C13023BE263E00201FA7 /* ft_strlen.c in Sources */,
				C763C15F23BE263E00201FA7 /* asserts2.c in Sources */,
				C763C14423BE263E00201FA7 /* ft_sqrt_up.c in Sources */,
				C763C12923BE263E00201FA7 /* ft_lstdelone.c in Sources */,
				C763C13B23BE263E00201FA7 /* ft_strequ.c in Sources */,
				C763C1B623BE26BD00201FA7 /* process_command.c in Sources */,
				C763C14823BE263E00201FA7 /* ft_str_append.c in Sources */,
				C763C1C323BE26BD00201FA7 /* console_reader.c in Sources */,
				C763C16923BE263E00201FA7 /* log.c in Sources */,
				C763C14A23BE263E00201FA7 /* ft_lst_reduce.c in Sources */,
				C763C13F23BE263E00201FA7 /* ft_printf.c in Sources */,
				C763C18723BE263E00201FA7 /* ft_str_starts_with.c in Sources */,
				C763C16223BE263E00201FA7 /* ft_memalloc.c in Sources */,
				C763C12F23BE263E00201FA7 /* ft_isdigit.c in Sources */,
				C763C15D23BE263E00201FA7 /* ft_isalpha.c in Sources */,
				C763C18023BE263E00201FA7 /* ft_strdel.c in Sources */,
				C763C17523BE263E00201FA7 /* ft_is_number.c in Sources */,
				C763C15E23BE263E00201FA7 /* dic2.c in Sources */,
				C7C5E63C23BE5413008A9543 /* Makefile in Sources */,
				C763C17F23BE263E00201FA7 /* ft_memcmp.c in Sources */,
				C763C13823BE263E00201FA7 /* ft_exec.c in Sources */,
				C763C1AD23BE26BD00201FA7 /* ft_set_env.c in Sources */,
				C763C16623BE263E00201FA7 /* ft_striteri.c in Sources */,
				C763C13423BE263E00201FA7 /* ft_lstmap.c in Sources */,
				C763C12E23BE263E00201FA7 /* ft_e_putstr.c in Sources */,
				C763C15223BE263E00201FA7 /* ft_lst_free.c in Sources */,
				C763C16323BE263E00201FA7 /* ft_memcpy.c in Sources */,
				C763C16723BE263E00201FA7 /* ft_file.c in Sources */,
				C763C1B823BE26BD00201FA7 /* cd.c in Sources */,
				C763C14123BE263E00201FA7 /* ft_strnequ.c in Sources */,
				C763C17223BE263E00201FA7 /* ft_lst_count.c in Sources */,
				C763C16123BE263E00201FA7 /* ft_strsplit.c in Sources */,
				C763C16523BE263E00201FA7 /* ft_starts_with.c in Sources */,
				C763C17923BE263E00201FA7 /* debug2.c in Sources */,
				C763C1C123BE26BD00201FA7 /* env.c in Sources */,
				C763C14E23BE263E00201FA7 /* ft_strnew.c in Sources */,
				C763C12823BE263E00201FA7 /* ft_putstr.c in Sources */,
				C763C16B23BE263E00201FA7 /* ft_putnbr_fd.c in Sources */,
				C763C1B723BE26BD00201FA7 /* history2.c in Sources */,
				C763C16A23BE263E00201FA7 /* ft_memccpy.c in Sources */,
				C763C16D23BE263E00201FA7 /* ft_last_index.c in Sources */,
				C763C13D23BE263E00201FA7 /* ft_strcpy.c in Sources */,
				C763C15123BE263E00201FA7 /* ft_putendl_fd.c in Sources */,
				C763C1C023BE26BD00201FA7 /* exec.c in Sources */,
				C763C16023BE263E00201FA7 /* ft_strncat.c in Sources */,
				C763C1AE23BE26BD00201FA7 /* pipe_parse.c in Sources */,
				C763C17823BE263E00201FA7 /* ft_bzero.c in Sources */,
				C763C13223BE263E00201FA7 /* ft_count_words.c in Sources */,
				C763C14923BE263E00201FA7 /* ft_str_replace.c in Sources */,
				C763C15A23BE263E00201FA7 /* save_file_no.c in Sources */,
				C763C17623BE263E00201FA7 /* ft_strchr.c in Sources */,
				C763C1BF23BE26BD00201FA7 /* replace_quoted.c in Sources */,
				C763C1B523BE26BD00201FA7 /* replace_quoted2.c in Sources */,
				C763C1C223BE26BD00201FA7 /* main.c in Sources */,
				C763C14C23BE263E00201FA7 /* ft_memdel.c in Sources */,
				C763C13723BE263E00201FA7 /* ft_isalnum.c in Sources */,
				C763C13323BE263E00201FA7 /* ft_lst_insert.c in Sources */,
				C763C12623BE263E00201FA7 /* ft_strndup.c in Sources */,
				C763C15023BE263E00201FA7 /* ft_memchr.c in Sources */,
				C763C1B023BE26BD00201FA7 /* cursor_move.c in Sources */,
				C763C14223BE263E00201FA7 /* ft_strrchr.c in Sources */,
				C763C15823BE263E00201FA7 /* ft_split.c in Sources */,
				C763C1AC23BE26BD00201FA7 /* pipe_exec.c in Sources */,
				C763C14623BE263E00201FA7 /* int_lg.c in Sources */,
				C763C12123BE263E00201FA7 /* ft_strcmp.c in Sources */,
				C763C12523BE263E00201FA7 /* ft_contains.c in Sources */,
				C763C13E23BE263E00201FA7 /* ft_free_zt_array.c in Sources */,
				C763C16C23BE263E00201FA7 /* ft_strstr.c in Sources */,
			);
			runOnlyForDeploymentPostprocessing = 0;
		};
/* End PBXSourcesBuildPhase section */

/* Begin XCBuildConfiguration section */
		C74F11B223B8AE080075599D /* Debug */ = {
			isa = XCBuildConfiguration;
			buildSettings = {
				ALWAYS_SEARCH_USER_PATHS = NO;
				CLANG_ANALYZER_NONNULL = YES;
				CLANG_ANALYZER_NUMBER_OBJECT_CONVERSION = YES_AGGRESSIVE;
				CLANG_CXX_LANGUAGE_STANDARD = "gnu++14";
				CLANG_CXX_LIBRARY = "libc++";
				CLANG_ENABLE_MODULES = YES;
				CLANG_ENABLE_OBJC_ARC = YES;
				CLANG_WARN_BLOCK_CAPTURE_AUTORELEASING = YES;
				CLANG_WARN_BOOL_CONVERSION = YES;
				CLANG_WARN_COMMA = YES;
				CLANG_WARN_CONSTANT_CONVERSION = YES;
				CLANG_WARN_DIRECT_OBJC_ISA_USAGE = YES_ERROR;
				CLANG_WARN_DOCUMENTATION_COMMENTS = YES;
				CLANG_WARN_EMPTY_BODY = YES;
				CLANG_WARN_ENUM_CONVERSION = YES;
				CLANG_WARN_INFINITE_RECURSION = YES;
				CLANG_WARN_INT_CONVERSION = YES;
				CLANG_WARN_NON_LITERAL_NULL_CONVERSION = YES;
				CLANG_WARN_OBJC_LITERAL_CONVERSION = YES;
				CLANG_WARN_OBJC_ROOT_CLASS = YES_ERROR;
				CLANG_WARN_RANGE_LOOP_ANALYSIS = YES;
				CLANG_WARN_STRICT_PROTOTYPES = YES;
				CLANG_WARN_SUSPICIOUS_MOVE = YES;
				CLANG_WARN_UNGUARDED_AVAILABILITY = YES_AGGRESSIVE;
				CLANG_WARN_UNREACHABLE_CODE = YES;
				CLANG_WARN__DUPLICATE_METHOD_MATCH = YES;
				CODE_SIGN_IDENTITY = "-";
				COPY_PHASE_STRIP = NO;
				DEBUG_INFORMATION_FORMAT = dwarf;
				ENABLE_STRICT_OBJC_MSGSEND = YES;
				ENABLE_TESTABILITY = YES;
				GCC_C_LANGUAGE_STANDARD = gnu11;
				GCC_DYNAMIC_NO_PIC = NO;
				GCC_NO_COMMON_BLOCKS = YES;
				GCC_OPTIMIZATION_LEVEL = 0;
				GCC_PREPROCESSOR_DEFINITIONS = (
					"DEBUG=1",
					"$(inherited)",
				);
				GCC_WARN_64_TO_32_BIT_CONVERSION = YES;
				GCC_WARN_ABOUT_RETURN_TYPE = YES_ERROR;
				GCC_WARN_UNDECLARED_SELECTOR = YES;
				GCC_WARN_UNINITIALIZED_AUTOS = YES_AGGRESSIVE;
				GCC_WARN_UNUSED_FUNCTION = YES;
				GCC_WARN_UNUSED_VARIABLE = YES;
				MACOSX_DEPLOYMENT_TARGET = 10.12;
				MTL_ENABLE_DEBUG_INFO = YES;
				ONLY_ACTIVE_ARCH = YES;
				SDKROOT = macosx;
			};
			name = Debug;
		};
		C74F11B323B8AE080075599D /* Release */ = {
			isa = XCBuildConfiguration;
			buildSettings = {
				ALWAYS_SEARCH_USER_PATHS = NO;
				CLANG_ANALYZER_NONNULL = YES;
				CLANG_ANALYZER_NUMBER_OBJECT_CONVERSION = YES_AGGRESSIVE;
				CLANG_CXX_LANGUAGE_STANDARD = "gnu++14";
				CLANG_CXX_LIBRARY = "libc++";
				CLANG_ENABLE_MODULES = YES;
				CLANG_ENABLE_OBJC_ARC = YES;
				CLANG_WARN_BLOCK_CAPTURE_AUTORELEASING = YES;
				CLANG_WARN_BOOL_CONVERSION = YES;
				CLANG_WARN_COMMA = YES;
				CLANG_WARN_CONSTANT_CONVERSION = YES;
				CLANG_WARN_DIRECT_OBJC_ISA_USAGE = YES_ERROR;
				CLANG_WARN_DOCUMENTATION_COMMENTS = YES;
				CLANG_WARN_EMPTY_BODY = YES;
				CLANG_WARN_ENUM_CONVERSION = YES;
				CLANG_WARN_INFINITE_RECURSION = YES;
				CLANG_WARN_INT_CONVERSION = YES;
				CLANG_WARN_NON_LITERAL_NULL_CONVERSION = YES;
				CLANG_WARN_OBJC_LITERAL_CONVERSION = YES;
				CLANG_WARN_OBJC_ROOT_CLASS = YES_ERROR;
				CLANG_WARN_RANGE_LOOP_ANALYSIS = YES;
				CLANG_WARN_STRICT_PROTOTYPES = YES;
				CLANG_WARN_SUSPICIOUS_MOVE = YES;
				CLANG_WARN_UNGUARDED_AVAILABILITY = YES_AGGRESSIVE;
				CLANG_WARN_UNREACHABLE_CODE = YES;
				CLANG_WARN__DUPLICATE_METHOD_MATCH = YES;
				CODE_SIGN_IDENTITY = "-";
				COPY_PHASE_STRIP = NO;
				DEBUG_INFORMATION_FORMAT = "dwarf-with-dsym";
				ENABLE_NS_ASSERTIONS = NO;
				ENABLE_STRICT_OBJC_MSGSEND = YES;
				GCC_C_LANGUAGE_STANDARD = gnu11;
				GCC_NO_COMMON_BLOCKS = YES;
				GCC_WARN_64_TO_32_BIT_CONVERSION = YES;
				GCC_WARN_ABOUT_RETURN_TYPE = YES_ERROR;
				GCC_WARN_UNDECLARED_SELECTOR = YES;
				GCC_WARN_UNINITIALIZED_AUTOS = YES_AGGRESSIVE;
				GCC_WARN_UNUSED_FUNCTION = YES;
				GCC_WARN_UNUSED_VARIABLE = YES;
				MACOSX_DEPLOYMENT_TARGET = 10.12;
				MTL_ENABLE_DEBUG_INFO = NO;
				SDKROOT = macosx;
			};
			name = Release;
		};
		C74F11B523B8AE080075599D /* Debug */ = {
			isa = XCBuildConfiguration;
			buildSettings = {
				CODE_SIGN_STYLE = Automatic;
				LIBRARY_SEARCH_PATHS = (
					"$(inherited)",
					"$(PROJECT_DIR)/libft",
				);
				PRODUCT_NAME = "$(TARGET_NAME)";
			};
			name = Debug;
		};
		C74F11B623B8AE080075599D /* Release */ = {
			isa = XCBuildConfiguration;
			buildSettings = {
				CODE_SIGN_STYLE = Automatic;
				LIBRARY_SEARCH_PATHS = (
					"$(inherited)",
					"$(PROJECT_DIR)/libft",
				);
				PRODUCT_NAME = "$(TARGET_NAME)";
			};
			name = Release;
		};
/* End XCBuildConfiguration section */

/* Begin XCConfigurationList section */
		C74F11A823B8AE080075599D /* Build configuration list for PBXProject "minishell.tests" */ = {
			isa = XCConfigurationList;
			buildConfigurations = (
				C74F11B223B8AE080075599D /* Debug */,
				C74F11B323B8AE080075599D /* Release */,
			);
			defaultConfigurationIsVisible = 0;
			defaultConfigurationName = Release;
		};
		C74F11B423B8AE080075599D /* Build configuration list for PBXNativeTarget "minishell.tests" */ = {
			isa = XCConfigurationList;
			buildConfigurations = (
				C74F11B523B8AE080075599D /* Debug */,
				C74F11B623B8AE080075599D /* Release */,
			);
			defaultConfigurationIsVisible = 0;
			defaultConfigurationName = Release;
		};
/* End XCConfigurationList section */
	};
	rootObject = C74F11A523B8AE080075599D /* Project object */;
}
