// !$*UTF8*$!
{
	archiveVersion = 1;
	classes = {
	};
	objectVersion = 48;
	objects = {

/* Begin PBXBuildFile section */
		C7527A85237189AA00B2A5E1 /* print_entries.c in Sources */ = {isa = PBXBuildFile; fileRef = C7527A7C237189A900B2A5E1 /* print_entries.c */; };
		C7527A86237189AA00B2A5E1 /* ls.c in Sources */ = {isa = PBXBuildFile; fileRef = C7527A7D237189A900B2A5E1 /* ls.c */; };
		C7527A87237189AA00B2A5E1 /* main.c in Sources */ = {isa = PBXBuildFile; fileRef = C7527A7E237189A900B2A5E1 /* main.c */; };
		C7527A88237189AA00B2A5E1 /* parse_arguments.c in Sources */ = {isa = PBXBuildFile; fileRef = C7527A80237189A900B2A5E1 /* parse_arguments.c */; };
		C7527A89237189AA00B2A5E1 /* cur_dir.c in Sources */ = {isa = PBXBuildFile; fileRef = C7527A81237189AA00B2A5E1 /* cur_dir.c */; };
		C7527A8A237189AA00B2A5E1 /* get_folder_entries.c in Sources */ = {isa = PBXBuildFile; fileRef = C7527A82237189AA00B2A5E1 /* get_folder_entries.c */; };
		C7527A8B237189AA00B2A5E1 /* sort.c in Sources */ = {isa = PBXBuildFile; fileRef = C7527A83237189AA00B2A5E1 /* sort.c */; };
		C7527A8C237189AA00B2A5E1 /* entry.c in Sources */ = {isa = PBXBuildFile; fileRef = C7527A84237189AA00B2A5E1 /* entry.c */; };
		C78E5B0F234FABC700F6D9A4 /* main.c in Sources */ = {isa = PBXBuildFile; fileRef = C78E5B0E234FABC700F6D9A4 /* main.c */; };
		C7A2A66D236D735600416B6C /* ft_putstr.c in Sources */ = {isa = PBXBuildFile; fileRef = C7A2A622236D735000416B6C /* ft_putstr.c */; };
		C7A2A66E236D735600416B6C /* ft_lstdel.c in Sources */ = {isa = PBXBuildFile; fileRef = C7A2A623236D735000416B6C /* ft_lstdel.c */; };
		C7A2A66F236D735600416B6C /* ft_lst_find.c in Sources */ = {isa = PBXBuildFile; fileRef = C7A2A624236D735000416B6C /* ft_lst_find.c */; };
		C7A2A670236D735600416B6C /* ft_memcmp.c in Sources */ = {isa = PBXBuildFile; fileRef = C7A2A625236D735000416B6C /* ft_memcmp.c */; };
		C7A2A671236D735600416B6C /* ft_strmapi.c in Sources */ = {isa = PBXBuildFile; fileRef = C7A2A626236D735000416B6C /* ft_strmapi.c */; };
		C7A2A672236D735600416B6C /* ft_strdel.c in Sources */ = {isa = PBXBuildFile; fileRef = C7A2A627236D735000416B6C /* ft_strdel.c */; };
		C7A2A673236D735600416B6C /* ft_putstr_fd.c in Sources */ = {isa = PBXBuildFile; fileRef = C7A2A628236D735000416B6C /* ft_putstr_fd.c */; };
		C7A2A674236D735600416B6C /* ft_starts_with.c in Sources */ = {isa = PBXBuildFile; fileRef = C7A2A629236D735000416B6C /* ft_starts_with.c */; };
		C7A2A675236D735600416B6C /* ft_isdigit.c in Sources */ = {isa = PBXBuildFile; fileRef = C7A2A62A236D735000416B6C /* ft_isdigit.c */; };
		C7A2A676236D735600416B6C /* ft_bzero.c in Sources */ = {isa = PBXBuildFile; fileRef = C7A2A62B236D735000416B6C /* ft_bzero.c */; };
		C7A2A677236D735600416B6C /* ft_memset.c in Sources */ = {isa = PBXBuildFile; fileRef = C7A2A62C236D735000416B6C /* ft_memset.c */; };
		C7A2A678236D735600416B6C /* ft_putchar_fd.c in Sources */ = {isa = PBXBuildFile; fileRef = C7A2A62D236D735000416B6C /* ft_putchar_fd.c */; };
		C7A2A679236D735600416B6C /* ft_contains.c in Sources */ = {isa = PBXBuildFile; fileRef = C7A2A62E236D735000416B6C /* ft_contains.c */; };
		C7A2A67A236D735600416B6C /* ft_putendl.c in Sources */ = {isa = PBXBuildFile; fileRef = C7A2A62F236D735000416B6C /* ft_putendl.c */; };
		C7A2A67B236D735600416B6C /* ft_putnbr_fd.c in Sources */ = {isa = PBXBuildFile; fileRef = C7A2A630236D735000416B6C /* ft_putnbr_fd.c */; };
		C7A2A67C236D735600416B6C /* ft_sqrt_up.c in Sources */ = {isa = PBXBuildFile; fileRef = C7A2A631236D735000416B6C /* ft_sqrt_up.c */; };
		C7A2A67D236D735600416B6C /* ft_strlen.c in Sources */ = {isa = PBXBuildFile; fileRef = C7A2A632236D735000416B6C /* ft_strlen.c */; };
		C7A2A67E236D735600416B6C /* ft_putendl_fd.c in Sources */ = {isa = PBXBuildFile; fileRef = C7A2A633236D735000416B6C /* ft_putendl_fd.c */; };
		C7A2A67F236D735600416B6C /* ft_strrchr.c in Sources */ = {isa = PBXBuildFile; fileRef = C7A2A634236D735100416B6C /* ft_strrchr.c */; };
		C7A2A680236D735600416B6C /* ft_strtrim.c in Sources */ = {isa = PBXBuildFile; fileRef = C7A2A635236D735100416B6C /* ft_strtrim.c */; };
		C7A2A681236D735600416B6C /* ft_toupper.c in Sources */ = {isa = PBXBuildFile; fileRef = C7A2A636236D735100416B6C /* ft_toupper.c */; };
		C7A2A682236D735600416B6C /* ft_strnstr.c in Sources */ = {isa = PBXBuildFile; fileRef = C7A2A637236D735100416B6C /* ft_strnstr.c */; };
		C7A2A683236D735600416B6C /* ft_strcmp.c in Sources */ = {isa = PBXBuildFile; fileRef = C7A2A638236D735100416B6C /* ft_strcmp.c */; };
		C7A2A684236D735600416B6C /* ft_memcpy.c in Sources */ = {isa = PBXBuildFile; fileRef = C7A2A639236D735100416B6C /* ft_memcpy.c */; };
		C7A2A685236D735600416B6C /* ft_lst_reduce.c in Sources */ = {isa = PBXBuildFile; fileRef = C7A2A63A236D735100416B6C /* ft_lst_reduce.c */; };
		C7A2A686236D735600416B6C /* ft_lst_count.c in Sources */ = {isa = PBXBuildFile; fileRef = C7A2A63B236D735100416B6C /* ft_lst_count.c */; };
		C7A2A687236D735600416B6C /* ft_itoa.c in Sources */ = {isa = PBXBuildFile; fileRef = C7A2A63C236D735100416B6C /* ft_itoa.c */; };
		C7A2A688236D735600416B6C /* ft_is_number.c in Sources */ = {isa = PBXBuildFile; fileRef = C7A2A63D236D735100416B6C /* ft_is_number.c */; };
		C7A2A689236D735600416B6C /* ft_putnbr.c in Sources */ = {isa = PBXBuildFile; fileRef = C7A2A63E236D735100416B6C /* ft_putnbr.c */; };
		C7A2A68A236D735600416B6C /* ft_strchr.c in Sources */ = {isa = PBXBuildFile; fileRef = C7A2A63F236D735100416B6C /* ft_strchr.c */; };
		C7A2A68B236D735600416B6C /* ft_isalpha.c in Sources */ = {isa = PBXBuildFile; fileRef = C7A2A640236D735100416B6C /* ft_isalpha.c */; };
		C7A2A68C236D735600416B6C /* ft_lst_free.c in Sources */ = {isa = PBXBuildFile; fileRef = C7A2A641236D735200416B6C /* ft_lst_free.c */; };
		C7A2A68D236D735600416B6C /* ft_lstiter.c in Sources */ = {isa = PBXBuildFile; fileRef = C7A2A642236D735200416B6C /* ft_lstiter.c */; };
		C7A2A68E236D735600416B6C /* ft_putchar.c in Sources */ = {isa = PBXBuildFile; fileRef = C7A2A643236D735200416B6C /* ft_putchar.c */; };
		C7A2A68F236D735600416B6C /* ft_lst_free_item.c in Sources */ = {isa = PBXBuildFile; fileRef = C7A2A644236D735200416B6C /* ft_lst_free_item.c */; };
		C7A2A690236D735600416B6C /* ft_lstmap.c in Sources */ = {isa = PBXBuildFile; fileRef = C7A2A645236D735200416B6C /* ft_lstmap.c */; };
		C7A2A691236D735600416B6C /* ft_strjoin.c in Sources */ = {isa = PBXBuildFile; fileRef = C7A2A646236D735200416B6C /* ft_strjoin.c */; };
		C7A2A692236D735600416B6C /* ft_strndup.c in Sources */ = {isa = PBXBuildFile; fileRef = C7A2A647236D735200416B6C /* ft_strndup.c */; };
		C7A2A693236D735600416B6C /* Makefile in Sources */ = {isa = PBXBuildFile; fileRef = C7A2A648236D735200416B6C /* Makefile */; };
		C7A2A694236D735600416B6C /* ft_memmove.c in Sources */ = {isa = PBXBuildFile; fileRef = C7A2A649236D735200416B6C /* ft_memmove.c */; };
		C7A2A695236D735600416B6C /* ft_isascii.c in Sources */ = {isa = PBXBuildFile; fileRef = C7A2A64A236D735200416B6C /* ft_isascii.c */; };
		C7A2A696236D735600416B6C /* ft_count_words.c in Sources */ = {isa = PBXBuildFile; fileRef = C7A2A64B236D735200416B6C /* ft_count_words.c */; };
		C7A2A697236D735600416B6C /* ft_striter.c in Sources */ = {isa = PBXBuildFile; fileRef = C7A2A64C236D735300416B6C /* ft_striter.c */; };
		C7A2A698236D735600416B6C /* ft_strcpy.c in Sources */ = {isa = PBXBuildFile; fileRef = C7A2A64D236D735300416B6C /* ft_strcpy.c */; };
		C7A2A699236D735600416B6C /* ft_strlcat.c in Sources */ = {isa = PBXBuildFile; fileRef = C7A2A64E236D735300416B6C /* ft_strlcat.c */; };
		C7A2A69A236D735600416B6C /* ft_lstdelone.c in Sources */ = {isa = PBXBuildFile; fileRef = C7A2A64F236D735300416B6C /* ft_lstdelone.c */; };
		C7A2A69B236D735600416B6C /* ft_memalloc.c in Sources */ = {isa = PBXBuildFile; fileRef = C7A2A651236D735300416B6C /* ft_memalloc.c */; };
		C7A2A69C236D735600416B6C /* ft_last_index.c in Sources */ = {isa = PBXBuildFile; fileRef = C7A2A652236D735300416B6C /* ft_last_index.c */; };
		C7A2A69D236D735600416B6C /* ft_atoi.c in Sources */ = {isa = PBXBuildFile; fileRef = C7A2A653236D735300416B6C /* ft_atoi.c */; };
		C7A2A69E236D735600416B6C /* ft_strdup.c in Sources */ = {isa = PBXBuildFile; fileRef = C7A2A654236D735300416B6C /* ft_strdup.c */; };
		C7A2A69F236D735600416B6C /* ft_strsplit.c in Sources */ = {isa = PBXBuildFile; fileRef = C7A2A655236D735400416B6C /* ft_strsplit.c */; };
		C7A2A6A0236D735600416B6C /* ft_strequ.c in Sources */ = {isa = PBXBuildFile; fileRef = C7A2A656236D735400416B6C /* ft_strequ.c */; };
		C7A2A6A1236D735600416B6C /* ft_strmap.c in Sources */ = {isa = PBXBuildFile; fileRef = C7A2A657236D735400416B6C /* ft_strmap.c */; };
		C7A2A6A2236D735600416B6C /* ft_strnew.c in Sources */ = {isa = PBXBuildFile; fileRef = C7A2A658236D735400416B6C /* ft_strnew.c */; };
		C7A2A6A3236D735600416B6C /* ft_memccpy.c in Sources */ = {isa = PBXBuildFile; fileRef = C7A2A659236D735400416B6C /* ft_memccpy.c */; };
		C7A2A6A4236D735600416B6C /* ft_tolower.c in Sources */ = {isa = PBXBuildFile; fileRef = C7A2A65A236D735400416B6C /* ft_tolower.c */; };
		C7A2A6A5236D735600416B6C /* ft_strstr.c in Sources */ = {isa = PBXBuildFile; fileRef = C7A2A65B236D735400416B6C /* ft_strstr.c */; };
		C7A2A6A6236D735600416B6C /* ft_isalnum.c in Sources */ = {isa = PBXBuildFile; fileRef = C7A2A65C236D735400416B6C /* ft_isalnum.c */; };
		C7A2A6A7236D735600416B6C /* ft_isprint.c in Sources */ = {isa = PBXBuildFile; fileRef = C7A2A65D236D735400416B6C /* ft_isprint.c */; };
		C7A2A6A8236D735600416B6C /* ft_str_append.c in Sources */ = {isa = PBXBuildFile; fileRef = C7A2A65E236D735400416B6C /* ft_str_append.c */; };
		C7A2A6A9236D735600416B6C /* ft_strcat.c in Sources */ = {isa = PBXBuildFile; fileRef = C7A2A65F236D735500416B6C /* ft_strcat.c */; };
		C7A2A6AA236D735600416B6C /* ft_strncmp.c in Sources */ = {isa = PBXBuildFile; fileRef = C7A2A660236D735500416B6C /* ft_strncmp.c */; };
		C7A2A6AB236D735600416B6C /* ft_strncpy.c in Sources */ = {isa = PBXBuildFile; fileRef = C7A2A661236D735500416B6C /* ft_strncpy.c */; };
		C7A2A6AC236D735600416B6C /* ft_strnequ.c in Sources */ = {isa = PBXBuildFile; fileRef = C7A2A662236D735500416B6C /* ft_strnequ.c */; };
		C7A2A6AD236D735600416B6C /* ft_memdel.c in Sources */ = {isa = PBXBuildFile; fileRef = C7A2A663236D735500416B6C /* ft_memdel.c */; };
		C7A2A6AE236D735600416B6C /* ft_lstadd.c in Sources */ = {isa = PBXBuildFile; fileRef = C7A2A664236D735500416B6C /* ft_lstadd.c */; };
		C7A2A6AF236D735600416B6C /* ft_split.c in Sources */ = {isa = PBXBuildFile; fileRef = C7A2A665236D735500416B6C /* ft_split.c */; };
		C7A2A6B0236D735600416B6C /* ft_strclr.c in Sources */ = {isa = PBXBuildFile; fileRef = C7A2A666236D735500416B6C /* ft_strclr.c */; };
		C7A2A6B1236D735600416B6C /* ft_lstnew.c in Sources */ = {isa = PBXBuildFile; fileRef = C7A2A667236D735500416B6C /* ft_lstnew.c */; };
		C7A2A6B2236D735600416B6C /* ft_strncat.c in Sources */ = {isa = PBXBuildFile; fileRef = C7A2A668236D735500416B6C /* ft_strncat.c */; };
		C7A2A6B3236D735600416B6C /* ft_memchr.c in Sources */ = {isa = PBXBuildFile; fileRef = C7A2A669236D735600416B6C /* ft_memchr.c */; };
		C7A2A6B4236D735600416B6C /* ft_strsub.c in Sources */ = {isa = PBXBuildFile; fileRef = C7A2A66A236D735600416B6C /* ft_strsub.c */; };
		C7A2A6B5236D735600416B6C /* ft_striteri.c in Sources */ = {isa = PBXBuildFile; fileRef = C7A2A66B236D735600416B6C /* ft_striteri.c */; };
		C7A2A6B6236D735600416B6C /* ft_str_remove_at.c in Sources */ = {isa = PBXBuildFile; fileRef = C7A2A66C236D735600416B6C /* ft_str_remove_at.c */; };
		C7D021F7236EE26C00898B99 /* log.c in Sources */ = {isa = PBXBuildFile; fileRef = C7D021F6236EE26B00898B99 /* log.c */; };
/* End PBXBuildFile section */

/* Begin PBXCopyFilesBuildPhase section */
		C78E5B09234FABC700F6D9A4 /* CopyFiles */ = {
			isa = PBXCopyFilesBuildPhase;
			buildActionMask = 2147483647;
			dstPath = /usr/share/man/man1/;
			dstSubfolderSpec = 0;
			files = (
			);
			runOnlyForDeploymentPostprocessing = 1;
		};
/* End PBXCopyFilesBuildPhase section */

/* Begin PBXFileReference section */
		C7527A7C237189A900B2A5E1 /* print_entries.c */ = {isa = PBXFileReference; fileEncoding = 4; lastKnownFileType = sourcecode.c.c; name = print_entries.c; path = ../../ls/src/print_entries.c; sourceTree = "<group>"; };
		C7527A7D237189A900B2A5E1 /* ls.c */ = {isa = PBXFileReference; fileEncoding = 4; lastKnownFileType = sourcecode.c.c; name = ls.c; path = ../../ls/src/ls.c; sourceTree = "<group>"; };
		C7527A7E237189A900B2A5E1 /* main.c */ = {isa = PBXFileReference; fileEncoding = 4; lastKnownFileType = sourcecode.c.c; name = main.c; path = ../../ls/src/main.c; sourceTree = "<group>"; };
		C7527A7F237189A900B2A5E1 /* ls.h */ = {isa = PBXFileReference; fileEncoding = 4; lastKnownFileType = sourcecode.c.h; name = ls.h; path = ../../ls/src/ls.h; sourceTree = "<group>"; };
		C7527A80237189A900B2A5E1 /* parse_arguments.c */ = {isa = PBXFileReference; fileEncoding = 4; lastKnownFileType = sourcecode.c.c; name = parse_arguments.c; path = ../../ls/src/parse_arguments.c; sourceTree = "<group>"; };
		C7527A81237189AA00B2A5E1 /* cur_dir.c */ = {isa = PBXFileReference; fileEncoding = 4; lastKnownFileType = sourcecode.c.c; name = cur_dir.c; path = ../../ls/src/cur_dir.c; sourceTree = "<group>"; };
		C7527A82237189AA00B2A5E1 /* get_folder_entries.c */ = {isa = PBXFileReference; fileEncoding = 4; lastKnownFileType = sourcecode.c.c; name = get_folder_entries.c; path = ../../ls/src/get_folder_entries.c; sourceTree = "<group>"; };
		C7527A83237189AA00B2A5E1 /* sort.c */ = {isa = PBXFileReference; fileEncoding = 4; lastKnownFileType = sourcecode.c.c; name = sort.c; path = ../../ls/src/sort.c; sourceTree = "<group>"; };
		C7527A84237189AA00B2A5E1 /* entry.c */ = {isa = PBXFileReference; fileEncoding = 4; lastKnownFileType = sourcecode.c.c; name = entry.c; path = ../../ls/src/entry.c; sourceTree = "<group>"; };
		C78E5B0B234FABC700F6D9A4 /* tests */ = {isa = PBXFileReference; explicitFileType = "compiled.mach-o.executable"; includeInIndex = 0; path = tests; sourceTree = BUILT_PRODUCTS_DIR; };
		C78E5B0E234FABC700F6D9A4 /* main.c */ = {isa = PBXFileReference; lastKnownFileType = sourcecode.c.c; path = main.c; sourceTree = "<group>"; };
		C7A2A622236D735000416B6C /* ft_putstr.c */ = {isa = PBXFileReference; fileEncoding = 4; lastKnownFileType = sourcecode.c.c; name = ft_putstr.c; path = ../../ls/libft/ft_putstr.c; sourceTree = "<group>"; };
		C7A2A623236D735000416B6C /* ft_lstdel.c */ = {isa = PBXFileReference; fileEncoding = 4; lastKnownFileType = sourcecode.c.c; name = ft_lstdel.c; path = ../../ls/libft/ft_lstdel.c; sourceTree = "<group>"; };
		C7A2A624236D735000416B6C /* ft_lst_find.c */ = {isa = PBXFileReference; fileEncoding = 4; lastKnownFileType = sourcecode.c.c; name = ft_lst_find.c; path = ../../ls/libft/ft_lst_find.c; sourceTree = "<group>"; };
		C7A2A625236D735000416B6C /* ft_memcmp.c */ = {isa = PBXFileReference; fileEncoding = 4; lastKnownFileType = sourcecode.c.c; name = ft_memcmp.c; path = ../../ls/libft/ft_memcmp.c; sourceTree = "<group>"; };
		C7A2A626236D735000416B6C /* ft_strmapi.c */ = {isa = PBXFileReference; fileEncoding = 4; lastKnownFileType = sourcecode.c.c; name = ft_strmapi.c; path = ../../ls/libft/ft_strmapi.c; sourceTree = "<group>"; };
		C7A2A627236D735000416B6C /* ft_strdel.c */ = {isa = PBXFileReference; fileEncoding = 4; lastKnownFileType = sourcecode.c.c; name = ft_strdel.c; path = ../../ls/libft/ft_strdel.c; sourceTree = "<group>"; };
		C7A2A628236D735000416B6C /* ft_putstr_fd.c */ = {isa = PBXFileReference; fileEncoding = 4; lastKnownFileType = sourcecode.c.c; name = ft_putstr_fd.c; path = ../../ls/libft/ft_putstr_fd.c; sourceTree = "<group>"; };
		C7A2A629236D735000416B6C /* ft_starts_with.c */ = {isa = PBXFileReference; fileEncoding = 4; lastKnownFileType = sourcecode.c.c; name = ft_starts_with.c; path = ../../ls/libft/ft_starts_with.c; sourceTree = "<group>"; };
		C7A2A62A236D735000416B6C /* ft_isdigit.c */ = {isa = PBXFileReference; fileEncoding = 4; lastKnownFileType = sourcecode.c.c; name = ft_isdigit.c; path = ../../ls/libft/ft_isdigit.c; sourceTree = "<group>"; };
		C7A2A62B236D735000416B6C /* ft_bzero.c */ = {isa = PBXFileReference; fileEncoding = 4; lastKnownFileType = sourcecode.c.c; name = ft_bzero.c; path = ../../ls/libft/ft_bzero.c; sourceTree = "<group>"; };
		C7A2A62C236D735000416B6C /* ft_memset.c */ = {isa = PBXFileReference; fileEncoding = 4; lastKnownFileType = sourcecode.c.c; name = ft_memset.c; path = ../../ls/libft/ft_memset.c; sourceTree = "<group>"; };
		C7A2A62D236D735000416B6C /* ft_putchar_fd.c */ = {isa = PBXFileReference; fileEncoding = 4; lastKnownFileType = sourcecode.c.c; name = ft_putchar_fd.c; path = ../../ls/libft/ft_putchar_fd.c; sourceTree = "<group>"; };
		C7A2A62E236D735000416B6C /* ft_contains.c */ = {isa = PBXFileReference; fileEncoding = 4; lastKnownFileType = sourcecode.c.c; name = ft_contains.c; path = ../../ls/libft/ft_contains.c; sourceTree = "<group>"; };
		C7A2A62F236D735000416B6C /* ft_putendl.c */ = {isa = PBXFileReference; fileEncoding = 4; lastKnownFileType = sourcecode.c.c; name = ft_putendl.c; path = ../../ls/libft/ft_putendl.c; sourceTree = "<group>"; };
		C7A2A630236D735000416B6C /* ft_putnbr_fd.c */ = {isa = PBXFileReference; fileEncoding = 4; lastKnownFileType = sourcecode.c.c; name = ft_putnbr_fd.c; path = ../../ls/libft/ft_putnbr_fd.c; sourceTree = "<group>"; };
		C7A2A631236D735000416B6C /* ft_sqrt_up.c */ = {isa = PBXFileReference; fileEncoding = 4; lastKnownFileType = sourcecode.c.c; name = ft_sqrt_up.c; path = ../../ls/libft/ft_sqrt_up.c; sourceTree = "<group>"; };
		C7A2A632236D735000416B6C /* ft_strlen.c */ = {isa = PBXFileReference; fileEncoding = 4; lastKnownFileType = sourcecode.c.c; name = ft_strlen.c; path = ../../ls/libft/ft_strlen.c; sourceTree = "<group>"; };
		C7A2A633236D735000416B6C /* ft_putendl_fd.c */ = {isa = PBXFileReference; fileEncoding = 4; lastKnownFileType = sourcecode.c.c; name = ft_putendl_fd.c; path = ../../ls/libft/ft_putendl_fd.c; sourceTree = "<group>"; };
		C7A2A634236D735100416B6C /* ft_strrchr.c */ = {isa = PBXFileReference; fileEncoding = 4; lastKnownFileType = sourcecode.c.c; name = ft_strrchr.c; path = ../../ls/libft/ft_strrchr.c; sourceTree = "<group>"; };
		C7A2A635236D735100416B6C /* ft_strtrim.c */ = {isa = PBXFileReference; fileEncoding = 4; lastKnownFileType = sourcecode.c.c; name = ft_strtrim.c; path = ../../ls/libft/ft_strtrim.c; sourceTree = "<group>"; };
		C7A2A636236D735100416B6C /* ft_toupper.c */ = {isa = PBXFileReference; fileEncoding = 4; lastKnownFileType = sourcecode.c.c; name = ft_toupper.c; path = ../../ls/libft/ft_toupper.c; sourceTree = "<group>"; };
		C7A2A637236D735100416B6C /* ft_strnstr.c */ = {isa = PBXFileReference; fileEncoding = 4; lastKnownFileType = sourcecode.c.c; name = ft_strnstr.c; path = ../../ls/libft/ft_strnstr.c; sourceTree = "<group>"; };
		C7A2A638236D735100416B6C /* ft_strcmp.c */ = {isa = PBXFileReference; fileEncoding = 4; lastKnownFileType = sourcecode.c.c; name = ft_strcmp.c; path = ../../ls/libft/ft_strcmp.c; sourceTree = "<group>"; };
		C7A2A639236D735100416B6C /* ft_memcpy.c */ = {isa = PBXFileReference; fileEncoding = 4; lastKnownFileType = sourcecode.c.c; name = ft_memcpy.c; path = ../../ls/libft/ft_memcpy.c; sourceTree = "<group>"; };
		C7A2A63A236D735100416B6C /* ft_lst_reduce.c */ = {isa = PBXFileReference; fileEncoding = 4; lastKnownFileType = sourcecode.c.c; name = ft_lst_reduce.c; path = ../../ls/libft/ft_lst_reduce.c; sourceTree = "<group>"; };
		C7A2A63B236D735100416B6C /* ft_lst_count.c */ = {isa = PBXFileReference; fileEncoding = 4; lastKnownFileType = sourcecode.c.c; name = ft_lst_count.c; path = ../../ls/libft/ft_lst_count.c; sourceTree = "<group>"; };
		C7A2A63C236D735100416B6C /* ft_itoa.c */ = {isa = PBXFileReference; fileEncoding = 4; lastKnownFileType = sourcecode.c.c; name = ft_itoa.c; path = ../../ls/libft/ft_itoa.c; sourceTree = "<group>"; };
		C7A2A63D236D735100416B6C /* ft_is_number.c */ = {isa = PBXFileReference; fileEncoding = 4; lastKnownFileType = sourcecode.c.c; name = ft_is_number.c; path = ../../ls/libft/ft_is_number.c; sourceTree = "<group>"; };
		C7A2A63E236D735100416B6C /* ft_putnbr.c */ = {isa = PBXFileReference; fileEncoding = 4; lastKnownFileType = sourcecode.c.c; name = ft_putnbr.c; path = ../../ls/libft/ft_putnbr.c; sourceTree = "<group>"; };
		C7A2A63F236D735100416B6C /* ft_strchr.c */ = {isa = PBXFileReference; fileEncoding = 4; lastKnownFileType = sourcecode.c.c; name = ft_strchr.c; path = ../../ls/libft/ft_strchr.c; sourceTree = "<group>"; };
		C7A2A640236D735100416B6C /* ft_isalpha.c */ = {isa = PBXFileReference; fileEncoding = 4; lastKnownFileType = sourcecode.c.c; name = ft_isalpha.c; path = ../../ls/libft/ft_isalpha.c; sourceTree = "<group>"; };
		C7A2A641236D735200416B6C /* ft_lst_free.c */ = {isa = PBXFileReference; fileEncoding = 4; lastKnownFileType = sourcecode.c.c; name = ft_lst_free.c; path = ../../ls/libft/ft_lst_free.c; sourceTree = "<group>"; };
		C7A2A642236D735200416B6C /* ft_lstiter.c */ = {isa = PBXFileReference; fileEncoding = 4; lastKnownFileType = sourcecode.c.c; name = ft_lstiter.c; path = ../../ls/libft/ft_lstiter.c; sourceTree = "<group>"; };
		C7A2A643236D735200416B6C /* ft_putchar.c */ = {isa = PBXFileReference; fileEncoding = 4; lastKnownFileType = sourcecode.c.c; name = ft_putchar.c; path = ../../ls/libft/ft_putchar.c; sourceTree = "<group>"; };
		C7A2A644236D735200416B6C /* ft_lst_free_item.c */ = {isa = PBXFileReference; fileEncoding = 4; lastKnownFileType = sourcecode.c.c; name = ft_lst_free_item.c; path = ../../ls/libft/ft_lst_free_item.c; sourceTree = "<group>"; };
		C7A2A645236D735200416B6C /* ft_lstmap.c */ = {isa = PBXFileReference; fileEncoding = 4; lastKnownFileType = sourcecode.c.c; name = ft_lstmap.c; path = ../../ls/libft/ft_lstmap.c; sourceTree = "<group>"; };
		C7A2A646236D735200416B6C /* ft_strjoin.c */ = {isa = PBXFileReference; fileEncoding = 4; lastKnownFileType = sourcecode.c.c; name = ft_strjoin.c; path = ../../ls/libft/ft_strjoin.c; sourceTree = "<group>"; };
		C7A2A647236D735200416B6C /* ft_strndup.c */ = {isa = PBXFileReference; fileEncoding = 4; lastKnownFileType = sourcecode.c.c; name = ft_strndup.c; path = ../../ls/libft/ft_strndup.c; sourceTree = "<group>"; };
		C7A2A648236D735200416B6C /* Makefile */ = {isa = PBXFileReference; fileEncoding = 4; lastKnownFileType = sourcecode.make; name = Makefile; path = ../../ls/libft/Makefile; sourceTree = "<group>"; };
		C7A2A649236D735200416B6C /* ft_memmove.c */ = {isa = PBXFileReference; fileEncoding = 4; lastKnownFileType = sourcecode.c.c; name = ft_memmove.c; path = ../../ls/libft/ft_memmove.c; sourceTree = "<group>"; };
		C7A2A64A236D735200416B6C /* ft_isascii.c */ = {isa = PBXFileReference; fileEncoding = 4; lastKnownFileType = sourcecode.c.c; name = ft_isascii.c; path = ../../ls/libft/ft_isascii.c; sourceTree = "<group>"; };
		C7A2A64B236D735200416B6C /* ft_count_words.c */ = {isa = PBXFileReference; fileEncoding = 4; lastKnownFileType = sourcecode.c.c; name = ft_count_words.c; path = ../../ls/libft/ft_count_words.c; sourceTree = "<group>"; };
		C7A2A64C236D735300416B6C /* ft_striter.c */ = {isa = PBXFileReference; fileEncoding = 4; lastKnownFileType = sourcecode.c.c; name = ft_striter.c; path = ../../ls/libft/ft_striter.c; sourceTree = "<group>"; };
		C7A2A64D236D735300416B6C /* ft_strcpy.c */ = {isa = PBXFileReference; fileEncoding = 4; lastKnownFileType = sourcecode.c.c; name = ft_strcpy.c; path = ../../ls/libft/ft_strcpy.c; sourceTree = "<group>"; };
		C7A2A64E236D735300416B6C /* ft_strlcat.c */ = {isa = PBXFileReference; fileEncoding = 4; lastKnownFileType = sourcecode.c.c; name = ft_strlcat.c; path = ../../ls/libft/ft_strlcat.c; sourceTree = "<group>"; };
		C7A2A64F236D735300416B6C /* ft_lstdelone.c */ = {isa = PBXFileReference; fileEncoding = 4; lastKnownFileType = sourcecode.c.c; name = ft_lstdelone.c; path = ../../ls/libft/ft_lstdelone.c; sourceTree = "<group>"; };
		C7A2A650236D735300416B6C /* libft.h */ = {isa = PBXFileReference; fileEncoding = 4; lastKnownFileType = sourcecode.c.h; name = libft.h; path = ../../ls/libft/libft.h; sourceTree = "<group>"; };
		C7A2A651236D735300416B6C /* ft_memalloc.c */ = {isa = PBXFileReference; fileEncoding = 4; lastKnownFileType = sourcecode.c.c; name = ft_memalloc.c; path = ../../ls/libft/ft_memalloc.c; sourceTree = "<group>"; };
		C7A2A652236D735300416B6C /* ft_last_index.c */ = {isa = PBXFileReference; fileEncoding = 4; lastKnownFileType = sourcecode.c.c; name = ft_last_index.c; path = ../../ls/libft/ft_last_index.c; sourceTree = "<group>"; };
		C7A2A653236D735300416B6C /* ft_atoi.c */ = {isa = PBXFileReference; fileEncoding = 4; lastKnownFileType = sourcecode.c.c; name = ft_atoi.c; path = ../../ls/libft/ft_atoi.c; sourceTree = "<group>"; };
		C7A2A654236D735300416B6C /* ft_strdup.c */ = {isa = PBXFileReference; fileEncoding = 4; lastKnownFileType = sourcecode.c.c; name = ft_strdup.c; path = ../../ls/libft/ft_strdup.c; sourceTree = "<group>"; };
		C7A2A655236D735400416B6C /* ft_strsplit.c */ = {isa = PBXFileReference; fileEncoding = 4; lastKnownFileType = sourcecode.c.c; name = ft_strsplit.c; path = ../../ls/libft/ft_strsplit.c; sourceTree = "<group>"; };
		C7A2A656236D735400416B6C /* ft_strequ.c */ = {isa = PBXFileReference; fileEncoding = 4; lastKnownFileType = sourcecode.c.c; name = ft_strequ.c; path = ../../ls/libft/ft_strequ.c; sourceTree = "<group>"; };
		C7A2A657236D735400416B6C /* ft_strmap.c */ = {isa = PBXFileReference; fileEncoding = 4; lastKnownFileType = sourcecode.c.c; name = ft_strmap.c; path = ../../ls/libft/ft_strmap.c; sourceTree = "<group>"; };
		C7A2A658236D735400416B6C /* ft_strnew.c */ = {isa = PBXFileReference; fileEncoding = 4; lastKnownFileType = sourcecode.c.c; name = ft_strnew.c; path = ../../ls/libft/ft_strnew.c; sourceTree = "<group>"; };
		C7A2A659236D735400416B6C /* ft_memccpy.c */ = {isa = PBXFileReference; fileEncoding = 4; lastKnownFileType = sourcecode.c.c; name = ft_memccpy.c; path = ../../ls/libft/ft_memccpy.c; sourceTree = "<group>"; };
		C7A2A65A236D735400416B6C /* ft_tolower.c */ = {isa = PBXFileReference; fileEncoding = 4; lastKnownFileType = sourcecode.c.c; name = ft_tolower.c; path = ../../ls/libft/ft_tolower.c; sourceTree = "<group>"; };
		C7A2A65B236D735400416B6C /* ft_strstr.c */ = {isa = PBXFileReference; fileEncoding = 4; lastKnownFileType = sourcecode.c.c; name = ft_strstr.c; path = ../../ls/libft/ft_strstr.c; sourceTree = "<group>"; };
		C7A2A65C236D735400416B6C /* ft_isalnum.c */ = {isa = PBXFileReference; fileEncoding = 4; lastKnownFileType = sourcecode.c.c; name = ft_isalnum.c; path = ../../ls/libft/ft_isalnum.c; sourceTree = "<group>"; };
		C7A2A65D236D735400416B6C /* ft_isprint.c */ = {isa = PBXFileReference; fileEncoding = 4; lastKnownFileType = sourcecode.c.c; name = ft_isprint.c; path = ../../ls/libft/ft_isprint.c; sourceTree = "<group>"; };
		C7A2A65E236D735400416B6C /* ft_str_append.c */ = {isa = PBXFileReference; fileEncoding = 4; lastKnownFileType = sourcecode.c.c; name = ft_str_append.c; path = ../../ls/libft/ft_str_append.c; sourceTree = "<group>"; };
		C7A2A65F236D735500416B6C /* ft_strcat.c */ = {isa = PBXFileReference; fileEncoding = 4; lastKnownFileType = sourcecode.c.c; name = ft_strcat.c; path = ../../ls/libft/ft_strcat.c; sourceTree = "<group>"; };
		C7A2A660236D735500416B6C /* ft_strncmp.c */ = {isa = PBXFileReference; fileEncoding = 4; lastKnownFileType = sourcecode.c.c; name = ft_strncmp.c; path = ../../ls/libft/ft_strncmp.c; sourceTree = "<group>"; };
		C7A2A661236D735500416B6C /* ft_strncpy.c */ = {isa = PBXFileReference; fileEncoding = 4; lastKnownFileType = sourcecode.c.c; name = ft_strncpy.c; path = ../../ls/libft/ft_strncpy.c; sourceTree = "<group>"; };
		C7A2A662236D735500416B6C /* ft_strnequ.c */ = {isa = PBXFileReference; fileEncoding = 4; lastKnownFileType = sourcecode.c.c; name = ft_strnequ.c; path = ../../ls/libft/ft_strnequ.c; sourceTree = "<group>"; };
		C7A2A663236D735500416B6C /* ft_memdel.c */ = {isa = PBXFileReference; fileEncoding = 4; lastKnownFileType = sourcecode.c.c; name = ft_memdel.c; path = ../../ls/libft/ft_memdel.c; sourceTree = "<group>"; };
		C7A2A664236D735500416B6C /* ft_lstadd.c */ = {isa = PBXFileReference; fileEncoding = 4; lastKnownFileType = sourcecode.c.c; name = ft_lstadd.c; path = ../../ls/libft/ft_lstadd.c; sourceTree = "<group>"; };
		C7A2A665236D735500416B6C /* ft_split.c */ = {isa = PBXFileReference; fileEncoding = 4; lastKnownFileType = sourcecode.c.c; name = ft_split.c; path = ../../ls/libft/ft_split.c; sourceTree = "<group>"; };
		C7A2A666236D735500416B6C /* ft_strclr.c */ = {isa = PBXFileReference; fileEncoding = 4; lastKnownFileType = sourcecode.c.c; name = ft_strclr.c; path = ../../ls/libft/ft_strclr.c; sourceTree = "<group>"; };
		C7A2A667236D735500416B6C /* ft_lstnew.c */ = {isa = PBXFileReference; fileEncoding = 4; lastKnownFileType = sourcecode.c.c; name = ft_lstnew.c; path = ../../ls/libft/ft_lstnew.c; sourceTree = "<group>"; };
		C7A2A668236D735500416B6C /* ft_strncat.c */ = {isa = PBXFileReference; fileEncoding = 4; lastKnownFileType = sourcecode.c.c; name = ft_strncat.c; path = ../../ls/libft/ft_strncat.c; sourceTree = "<group>"; };
		C7A2A669236D735600416B6C /* ft_memchr.c */ = {isa = PBXFileReference; fileEncoding = 4; lastKnownFileType = sourcecode.c.c; name = ft_memchr.c; path = ../../ls/libft/ft_memchr.c; sourceTree = "<group>"; };
		C7A2A66A236D735600416B6C /* ft_strsub.c */ = {isa = PBXFileReference; fileEncoding = 4; lastKnownFileType = sourcecode.c.c; name = ft_strsub.c; path = ../../ls/libft/ft_strsub.c; sourceTree = "<group>"; };
		C7A2A66B236D735600416B6C /* ft_striteri.c */ = {isa = PBXFileReference; fileEncoding = 4; lastKnownFileType = sourcecode.c.c; name = ft_striteri.c; path = ../../ls/libft/ft_striteri.c; sourceTree = "<group>"; };
		C7A2A66C236D735600416B6C /* ft_str_remove_at.c */ = {isa = PBXFileReference; fileEncoding = 4; lastKnownFileType = sourcecode.c.c; name = ft_str_remove_at.c; path = ../../ls/libft/ft_str_remove_at.c; sourceTree = "<group>"; };
		C7D021F6236EE26B00898B99 /* log.c */ = {isa = PBXFileReference; fileEncoding = 4; lastKnownFileType = sourcecode.c.c; name = log.c; path = ../../ls/libft/log.c; sourceTree = "<group>"; };
/* End PBXFileReference section */

/* Begin PBXFrameworksBuildPhase section */
		C78E5B08234FABC700F6D9A4 /* Frameworks */ = {
			isa = PBXFrameworksBuildPhase;
			buildActionMask = 2147483647;
			files = (
			);
			runOnlyForDeploymentPostprocessing = 0;
		};
/* End PBXFrameworksBuildPhase section */

/* Begin PBXGroup section */
		C7527A7B2371897800B2A5E1 /* src */ = {
			isa = PBXGroup;
			children = (
				C7527A81237189AA00B2A5E1 /* cur_dir.c */,
				C7527A84237189AA00B2A5E1 /* entry.c */,
				C7527A82237189AA00B2A5E1 /* get_folder_entries.c */,
				C7527A7D237189A900B2A5E1 /* ls.c */,
				C7527A7F237189A900B2A5E1 /* ls.h */,
				C7527A7E237189A900B2A5E1 /* main.c */,
				C7527A80237189A900B2A5E1 /* parse_arguments.c */,
				C7527A7C237189A900B2A5E1 /* print_entries.c */,
				C7527A83237189AA00B2A5E1 /* sort.c */,
			);
			name = src;
			sourceTree = "<group>";
		};
		C78E5B02234FABC700F6D9A4 = {
			isa = PBXGroup;
			children = (
				C78E5B15234FABFF00F6D9A4 /* ls */,
				C78E5B0D234FABC700F6D9A4 /* tests */,
				C78E5B0C234FABC700F6D9A4 /* Products */,
			);
			sourceTree = "<group>";
		};
		C78E5B0C234FABC700F6D9A4 /* Products */ = {
			isa = PBXGroup;
			children = (
				C78E5B0B234FABC700F6D9A4 /* tests */,
			);
			name = Products;
			sourceTree = "<group>";
		};
		C78E5B0D234FABC700F6D9A4 /* tests */ = {
			isa = PBXGroup;
			children = (
				C78E5B0E234FABC700F6D9A4 /* main.c */,
			);
			path = tests;
			sourceTree = "<group>";
		};
		C78E5B15234FABFF00F6D9A4 /* ls */ = {
			isa = PBXGroup;
			children = (
				C7527A7B2371897800B2A5E1 /* src */,
				C7A2A621236D733F00416B6C /* libft */,
			);
			name = ls;
			sourceTree = "<group>";
		};
		C7A2A621236D733F00416B6C /* libft */ = {
			isa = PBXGroup;
			children = (
				C7D021F6236EE26B00898B99 /* log.c */,
				C7A2A653236D735300416B6C /* ft_atoi.c */,
				C7A2A62B236D735000416B6C /* ft_bzero.c */,
				C7A2A62E236D735000416B6C /* ft_contains.c */,
				C7A2A64B236D735200416B6C /* ft_count_words.c */,
				C7A2A63D236D735100416B6C /* ft_is_number.c */,
				C7A2A65C236D735400416B6C /* ft_isalnum.c */,
				C7A2A640236D735100416B6C /* ft_isalpha.c */,
				C7A2A64A236D735200416B6C /* ft_isascii.c */,
				C7A2A62A236D735000416B6C /* ft_isdigit.c */,
				C7A2A65D236D735400416B6C /* ft_isprint.c */,
				C7A2A63C236D735100416B6C /* ft_itoa.c */,
				C7A2A652236D735300416B6C /* ft_last_index.c */,
				C7A2A63B236D735100416B6C /* ft_lst_count.c */,
				C7A2A624236D735000416B6C /* ft_lst_find.c */,
				C7A2A644236D735200416B6C /* ft_lst_free_item.c */,
				C7A2A641236D735200416B6C /* ft_lst_free.c */,
				C7A2A63A236D735100416B6C /* ft_lst_reduce.c */,
				C7A2A664236D735500416B6C /* ft_lstadd.c */,
				C7A2A623236D735000416B6C /* ft_lstdel.c */,
				C7A2A64F236D735300416B6C /* ft_lstdelone.c */,
				C7A2A642236D735200416B6C /* ft_lstiter.c */,
				C7A2A645236D735200416B6C /* ft_lstmap.c */,
				C7A2A667236D735500416B6C /* ft_lstnew.c */,
				C7A2A651236D735300416B6C /* ft_memalloc.c */,
				C7A2A659236D735400416B6C /* ft_memccpy.c */,
				C7A2A669236D735600416B6C /* ft_memchr.c */,
				C7A2A625236D735000416B6C /* ft_memcmp.c */,
				C7A2A639236D735100416B6C /* ft_memcpy.c */,
				C7A2A663236D735500416B6C /* ft_memdel.c */,
				C7A2A649236D735200416B6C /* ft_memmove.c */,
				C7A2A62C236D735000416B6C /* ft_memset.c */,
				C7A2A62D236D735000416B6C /* ft_putchar_fd.c */,
				C7A2A643236D735200416B6C /* ft_putchar.c */,
				C7A2A633236D735000416B6C /* ft_putendl_fd.c */,
				C7A2A62F236D735000416B6C /* ft_putendl.c */,
				C7A2A630236D735000416B6C /* ft_putnbr_fd.c */,
				C7A2A63E236D735100416B6C /* ft_putnbr.c */,
				C7A2A628236D735000416B6C /* ft_putstr_fd.c */,
				C7A2A622236D735000416B6C /* ft_putstr.c */,
				C7A2A665236D735500416B6C /* ft_split.c */,
				C7A2A631236D735000416B6C /* ft_sqrt_up.c */,
				C7A2A629236D735000416B6C /* ft_starts_with.c */,
				C7A2A65E236D735400416B6C /* ft_str_append.c */,
				C7A2A66C236D735600416B6C /* ft_str_remove_at.c */,
				C7A2A65F236D735500416B6C /* ft_strcat.c */,
				C7A2A63F236D735100416B6C /* ft_strchr.c */,
				C7A2A666236D735500416B6C /* ft_strclr.c */,
				C7A2A638236D735100416B6C /* ft_strcmp.c */,
				C7A2A64D236D735300416B6C /* ft_strcpy.c */,
				C7A2A627236D735000416B6C /* ft_strdel.c */,
				C7A2A654236D735300416B6C /* ft_strdup.c */,
				C7A2A656236D735400416B6C /* ft_strequ.c */,
				C7A2A64C236D735300416B6C /* ft_striter.c */,
				C7A2A66B236D735600416B6C /* ft_striteri.c */,
				C7A2A646236D735200416B6C /* ft_strjoin.c */,
				C7A2A64E236D735300416B6C /* ft_strlcat.c */,
				C7A2A632236D735000416B6C /* ft_strlen.c */,
				C7A2A657236D735400416B6C /* ft_strmap.c */,
				C7A2A626236D735000416B6C /* ft_strmapi.c */,
				C7A2A668236D735500416B6C /* ft_strncat.c */,
				C7A2A660236D735500416B6C /* ft_strncmp.c */,
				C7A2A661236D735500416B6C /* ft_strncpy.c */,
				C7A2A647236D735200416B6C /* ft_strndup.c */,
				C7A2A662236D735500416B6C /* ft_strnequ.c */,
				C7A2A658236D735400416B6C /* ft_strnew.c */,
				C7A2A637236D735100416B6C /* ft_strnstr.c */,
				C7A2A634236D735100416B6C /* ft_strrchr.c */,
				C7A2A655236D735400416B6C /* ft_strsplit.c */,
				C7A2A65B236D735400416B6C /* ft_strstr.c */,
				C7A2A66A236D735600416B6C /* ft_strsub.c */,
				C7A2A635236D735100416B6C /* ft_strtrim.c */,
				C7A2A65A236D735400416B6C /* ft_tolower.c */,
				C7A2A636236D735100416B6C /* ft_toupper.c */,
				C7A2A650236D735300416B6C /* libft.h */,
				C7A2A648236D735200416B6C /* Makefile */,
			);
			name = libft;
			sourceTree = "<group>";
		};
/* End PBXGroup section */

/* Begin PBXNativeTarget section */
		C78E5B0A234FABC700F6D9A4 /* tests */ = {
			isa = PBXNativeTarget;
			buildConfigurationList = C78E5B12234FABC700F6D9A4 /* Build configuration list for PBXNativeTarget "tests" */;
			buildPhases = (
				C78E5B07234FABC700F6D9A4 /* Sources */,
				C78E5B08234FABC700F6D9A4 /* Frameworks */,
				C78E5B09234FABC700F6D9A4 /* CopyFiles */,
			);
			buildRules = (
			);
			dependencies = (
			);
			name = tests;
			productName = tests;
			productReference = C78E5B0B234FABC700F6D9A4 /* tests */;
			productType = "com.apple.product-type.tool";
		};
/* End PBXNativeTarget section */

/* Begin PBXProject section */
		C78E5B03234FABC700F6D9A4 /* Project object */ = {
			isa = PBXProject;
			attributes = {
				LastUpgradeCheck = 0920;
				ORGANIZATIONNAME = "Delia Arugula";
				TargetAttributes = {
					C78E5B0A234FABC700F6D9A4 = {
						CreatedOnToolsVersion = 9.2;
						ProvisioningStyle = Automatic;
					};
				};
			};
			buildConfigurationList = C78E5B06234FABC700F6D9A4 /* Build configuration list for PBXProject "tests" */;
			compatibilityVersion = "Xcode 8.0";
			developmentRegion = en;
			hasScannedForEncodings = 0;
			knownRegions = (
				en,
			);
			mainGroup = C78E5B02234FABC700F6D9A4;
			productRefGroup = C78E5B0C234FABC700F6D9A4 /* Products */;
			projectDirPath = "";
			projectRoot = "";
			targets = (
				C78E5B0A234FABC700F6D9A4 /* tests */,
			);
		};
/* End PBXProject section */

/* Begin PBXSourcesBuildPhase section */
		C78E5B07234FABC700F6D9A4 /* Sources */ = {
			isa = PBXSourcesBuildPhase;
			buildActionMask = 2147483647;
			files = (
				C7A2A67E236D735600416B6C /* ft_putendl_fd.c in Sources */,
				C7A2A67A236D735600416B6C /* ft_putendl.c in Sources */,
				C7A2A682236D735600416B6C /* ft_strnstr.c in Sources */,
				C78E5B0F234FABC700F6D9A4 /* main.c in Sources */,
				C7A2A6A3236D735600416B6C /* ft_memccpy.c in Sources */,
				C7A2A6B2236D735600416B6C /* ft_strncat.c in Sources */,
				C7A2A6A2236D735600416B6C /* ft_strnew.c in Sources */,
				C7A2A6AC236D735600416B6C /* ft_strnequ.c in Sources */,
				C7A2A670236D735600416B6C /* ft_memcmp.c in Sources */,
				C7A2A6A7236D735600416B6C /* ft_isprint.c in Sources */,
				C7527A87237189AA00B2A5E1 /* main.c in Sources */,
				C7A2A6A5236D735600416B6C /* ft_strstr.c in Sources */,
				C7A2A6A1236D735600416B6C /* ft_strmap.c in Sources */,
				C7A2A693236D735600416B6C /* Makefile in Sources */,
				C7A2A689236D735600416B6C /* ft_putnbr.c in Sources */,
				C7A2A69F236D735600416B6C /* ft_strsplit.c in Sources */,
				C7A2A676236D735600416B6C /* ft_bzero.c in Sources */,
				C7A2A69B236D735600416B6C /* ft_memalloc.c in Sources */,
				C7A2A677236D735600416B6C /* ft_memset.c in Sources */,
				C7A2A68D236D735600416B6C /* ft_lstiter.c in Sources */,
				C7A2A68C236D735600416B6C /* ft_lst_free.c in Sources */,
				C7A2A684236D735600416B6C /* ft_memcpy.c in Sources */,
				C7A2A673236D735600416B6C /* ft_putstr_fd.c in Sources */,
				C7A2A679236D735600416B6C /* ft_contains.c in Sources */,
				C7A2A66F236D735600416B6C /* ft_lst_find.c in Sources */,
				C7527A86237189AA00B2A5E1 /* ls.c in Sources */,
				C7A2A6A4236D735600416B6C /* ft_tolower.c in Sources */,
				C7527A89237189AA00B2A5E1 /* cur_dir.c in Sources */,
				C7A2A69D236D735600416B6C /* ft_atoi.c in Sources */,
				C7A2A66D236D735600416B6C /* ft_putstr.c in Sources */,
				C7A2A69E236D735600416B6C /* ft_strdup.c in Sources */,
				C7A2A69C236D735600416B6C /* ft_last_index.c in Sources */,
				C7A2A683236D735600416B6C /* ft_strcmp.c in Sources */,
				C7A2A6B0236D735600416B6C /* ft_strclr.c in Sources */,
				C7A2A67B236D735600416B6C /* ft_putnbr_fd.c in Sources */,
				C7527A88237189AA00B2A5E1 /* parse_arguments.c in Sources */,
				C7A2A67D236D735600416B6C /* ft_strlen.c in Sources */,
				C7A2A674236D735600416B6C /* ft_starts_with.c in Sources */,
				C7A2A6B6236D735600416B6C /* ft_str_remove_at.c in Sources */,
				C7A2A685236D735600416B6C /* ft_lst_reduce.c in Sources */,
				C7A2A6AF236D735600416B6C /* ft_split.c in Sources */,
				C7A2A690236D735600416B6C /* ft_lstmap.c in Sources */,
				C7A2A6A9236D735600416B6C /* ft_strcat.c in Sources */,
				C7527A8A237189AA00B2A5E1 /* get_folder_entries.c in Sources */,
				C7A2A66E236D735600416B6C /* ft_lstdel.c in Sources */,
				C7A2A68A236D735600416B6C /* ft_strchr.c in Sources */,
				C7A2A697236D735600416B6C /* ft_striter.c in Sources */,
				C7A2A681236D735600416B6C /* ft_toupper.c in Sources */,
				C7A2A6A8236D735600416B6C /* ft_str_append.c in Sources */,
				C7A2A6B4236D735600416B6C /* ft_strsub.c in Sources */,
				C7A2A68B236D735600416B6C /* ft_isalpha.c in Sources */,
				C7527A85237189AA00B2A5E1 /* print_entries.c in Sources */,
				C7A2A68E236D735600416B6C /* ft_putchar.c in Sources */,
				C7A2A6B3236D735600416B6C /* ft_memchr.c in Sources */,
				C7527A8C237189AA00B2A5E1 /* entry.c in Sources */,
				C7A2A686236D735600416B6C /* ft_lst_count.c in Sources */,
				C7A2A69A236D735600416B6C /* ft_lstdelone.c in Sources */,
				C7A2A67F236D735600416B6C /* ft_strrchr.c in Sources */,
				C7A2A678236D735600416B6C /* ft_putchar_fd.c in Sources */,
				C7A2A67C236D735600416B6C /* ft_sqrt_up.c in Sources */,
				C7A2A672236D735600416B6C /* ft_strdel.c in Sources */,
				C7A2A671236D735600416B6C /* ft_strmapi.c in Sources */,
				C7D021F7236EE26C00898B99 /* log.c in Sources */,
				C7A2A688236D735600416B6C /* ft_is_number.c in Sources */,
				C7527A8B237189AA00B2A5E1 /* sort.c in Sources */,
				C7A2A695236D735600416B6C /* ft_isascii.c in Sources */,
				C7A2A68F236D735600416B6C /* ft_lst_free_item.c in Sources */,
				C7A2A6AB236D735600416B6C /* ft_strncpy.c in Sources */,
				C7A2A696236D735600416B6C /* ft_count_words.c in Sources */,
				C7A2A694236D735600416B6C /* ft_memmove.c in Sources */,
				C7A2A6AA236D735600416B6C /* ft_strncmp.c in Sources */,
				C7A2A687236D735600416B6C /* ft_itoa.c in Sources */,
				C7A2A6A6236D735600416B6C /* ft_isalnum.c in Sources */,
				C7A2A6B5236D735600416B6C /* ft_striteri.c in Sources */,
				C7A2A6B1236D735600416B6C /* ft_lstnew.c in Sources */,
				C7A2A691236D735600416B6C /* ft_strjoin.c in Sources */,
				C7A2A6AD236D735600416B6C /* ft_memdel.c in Sources */,
				C7A2A698236D735600416B6C /* ft_strcpy.c in Sources */,
				C7A2A675236D735600416B6C /* ft_isdigit.c in Sources */,
				C7A2A6A0236D735600416B6C /* ft_strequ.c in Sources */,
				C7A2A692236D735600416B6C /* ft_strndup.c in Sources */,
				C7A2A680236D735600416B6C /* ft_strtrim.c in Sources */,
				C7A2A699236D735600416B6C /* ft_strlcat.c in Sources */,
				C7A2A6AE236D735600416B6C /* ft_lstadd.c in Sources */,
			);
			runOnlyForDeploymentPostprocessing = 0;
		};
/* End PBXSourcesBuildPhase section */

/* Begin XCBuildConfiguration section */
		C78E5B10234FABC700F6D9A4 /* Debug */ = {
			isa = XCBuildConfiguration;
			buildSettings = {
				ALWAYS_SEARCH_USER_PATHS = NO;
				CLANG_ANALYZER_NONNULL = YES;
				CLANG_ANALYZER_NUMBER_OBJECT_CONVERSION = YES_AGGRESSIVE;
				CLANG_CXX_LANGUAGE_STANDARD = "gnu++14";
				CLANG_CXX_LIBRARY = "libc++";
				CLANG_ENABLE_MODULES = YES;
				CLANG_ENABLE_OBJC_ARC = YES;
				CLANG_WARN_BLOCK_CAPTURE_AUTORELEASING = YES;
				CLANG_WARN_BOOL_CONVERSION = YES;
				CLANG_WARN_COMMA = YES;
				CLANG_WARN_CONSTANT_CONVERSION = YES;
				CLANG_WARN_DIRECT_OBJC_ISA_USAGE = YES_ERROR;
				CLANG_WARN_DOCUMENTATION_COMMENTS = YES;
				CLANG_WARN_EMPTY_BODY = YES;
				CLANG_WARN_ENUM_CONVERSION = YES;
				CLANG_WARN_INFINITE_RECURSION = YES;
				CLANG_WARN_INT_CONVERSION = YES;
				CLANG_WARN_NON_LITERAL_NULL_CONVERSION = YES;
				CLANG_WARN_OBJC_LITERAL_CONVERSION = YES;
				CLANG_WARN_OBJC_ROOT_CLASS = YES_ERROR;
				CLANG_WARN_RANGE_LOOP_ANALYSIS = YES;
				CLANG_WARN_STRICT_PROTOTYPES = YES;
				CLANG_WARN_SUSPICIOUS_MOVE = YES;
				CLANG_WARN_UNGUARDED_AVAILABILITY = YES_AGGRESSIVE;
				CLANG_WARN_UNREACHABLE_CODE = YES;
				CLANG_WARN__DUPLICATE_METHOD_MATCH = YES;
				CODE_SIGN_IDENTITY = "-";
				COPY_PHASE_STRIP = NO;
				DEBUG_INFORMATION_FORMAT = dwarf;
				ENABLE_STRICT_OBJC_MSGSEND = YES;
				ENABLE_TESTABILITY = YES;
				GCC_C_LANGUAGE_STANDARD = gnu11;
				GCC_DYNAMIC_NO_PIC = NO;
				GCC_NO_COMMON_BLOCKS = YES;
				GCC_OPTIMIZATION_LEVEL = 0;
				GCC_PREPROCESSOR_DEFINITIONS = (
					"DEBUG=1",
					"$(inherited)",
				);
				GCC_WARN_64_TO_32_BIT_CONVERSION = YES;
				GCC_WARN_ABOUT_RETURN_TYPE = YES_ERROR;
				GCC_WARN_UNDECLARED_SELECTOR = YES;
				GCC_WARN_UNINITIALIZED_AUTOS = YES_AGGRESSIVE;
				GCC_WARN_UNUSED_FUNCTION = YES;
				GCC_WARN_UNUSED_VARIABLE = YES;
				MACOSX_DEPLOYMENT_TARGET = 10.12;
				MTL_ENABLE_DEBUG_INFO = YES;
				ONLY_ACTIVE_ARCH = YES;
				SDKROOT = macosx;
			};
			name = Debug;
		};
		C78E5B11234FABC700F6D9A4 /* Release */ = {
			isa = XCBuildConfiguration;
			buildSettings = {
				ALWAYS_SEARCH_USER_PATHS = NO;
				CLANG_ANALYZER_NONNULL = YES;
				CLANG_ANALYZER_NUMBER_OBJECT_CONVERSION = YES_AGGRESSIVE;
				CLANG_CXX_LANGUAGE_STANDARD = "gnu++14";
				CLANG_CXX_LIBRARY = "libc++";
				CLANG_ENABLE_MODULES = YES;
				CLANG_ENABLE_OBJC_ARC = YES;
				CLANG_WARN_BLOCK_CAPTURE_AUTORELEASING = YES;
				CLANG_WARN_BOOL_CONVERSION = YES;
				CLANG_WARN_COMMA = YES;
				CLANG_WARN_CONSTANT_CONVERSION = YES;
				CLANG_WARN_DIRECT_OBJC_ISA_USAGE = YES_ERROR;
				CLANG_WARN_DOCUMENTATION_COMMENTS = YES;
				CLANG_WARN_EMPTY_BODY = YES;
				CLANG_WARN_ENUM_CONVERSION = YES;
				CLANG_WARN_INFINITE_RECURSION = YES;
				CLANG_WARN_INT_CONVERSION = YES;
				CLANG_WARN_NON_LITERAL_NULL_CONVERSION = YES;
				CLANG_WARN_OBJC_LITERAL_CONVERSION = YES;
				CLANG_WARN_OBJC_ROOT_CLASS = YES_ERROR;
				CLANG_WARN_RANGE_LOOP_ANALYSIS = YES;
				CLANG_WARN_STRICT_PROTOTYPES = YES;
				CLANG_WARN_SUSPICIOUS_MOVE = YES;
				CLANG_WARN_UNGUARDED_AVAILABILITY = YES_AGGRESSIVE;
				CLANG_WARN_UNREACHABLE_CODE = YES;
				CLANG_WARN__DUPLICATE_METHOD_MATCH = YES;
				CODE_SIGN_IDENTITY = "-";
				COPY_PHASE_STRIP = NO;
				DEBUG_INFORMATION_FORMAT = "dwarf-with-dsym";
				ENABLE_NS_ASSERTIONS = NO;
				ENABLE_STRICT_OBJC_MSGSEND = YES;
				GCC_C_LANGUAGE_STANDARD = gnu11;
				GCC_NO_COMMON_BLOCKS = YES;
				GCC_WARN_64_TO_32_BIT_CONVERSION = YES;
				GCC_WARN_ABOUT_RETURN_TYPE = YES_ERROR;
				GCC_WARN_UNDECLARED_SELECTOR = YES;
				GCC_WARN_UNINITIALIZED_AUTOS = YES_AGGRESSIVE;
				GCC_WARN_UNUSED_FUNCTION = YES;
				GCC_WARN_UNUSED_VARIABLE = YES;
				MACOSX_DEPLOYMENT_TARGET = 10.12;
				MTL_ENABLE_DEBUG_INFO = NO;
				SDKROOT = macosx;
			};
			name = Release;
		};
		C78E5B13234FABC700F6D9A4 /* Debug */ = {
			isa = XCBuildConfiguration;
			buildSettings = {
				CODE_SIGN_STYLE = Automatic;
				PRODUCT_NAME = "$(TARGET_NAME)";
			};
			name = Debug;
		};
		C78E5B14234FABC700F6D9A4 /* Release */ = {
			isa = XCBuildConfiguration;
			buildSettings = {
				CODE_SIGN_STYLE = Automatic;
				PRODUCT_NAME = "$(TARGET_NAME)";
			};
			name = Release;
		};
/* End XCBuildConfiguration section */

/* Begin XCConfigurationList section */
		C78E5B06234FABC700F6D9A4 /* Build configuration list for PBXProject "tests" */ = {
			isa = XCConfigurationList;
			buildConfigurations = (
				C78E5B10234FABC700F6D9A4 /* Debug */,
				C78E5B11234FABC700F6D9A4 /* Release */,
			);
			defaultConfigurationIsVisible = 0;
			defaultConfigurationName = Release;
		};
		C78E5B12234FABC700F6D9A4 /* Build configuration list for PBXNativeTarget "tests" */ = {
			isa = XCConfigurationList;
			buildConfigurations = (
				C78E5B13234FABC700F6D9A4 /* Debug */,
				C78E5B14234FABC700F6D9A4 /* Release */,
			);
			defaultConfigurationIsVisible = 0;
			defaultConfigurationName = Release;
		};
/* End XCConfigurationList section */
	};
	rootObject = C78E5B03234FABC700F6D9A4 /* Project object */;
}
